// !$*UTF8*$!
{
	archiveVersion = 1;
	classes = {
	};
	objectVersion = 55;
	objects = {

/* Begin PBXBuildFile section */
		6AE51D2D26B2996A00102A7C /* FindSuccessor.swift in Sources */ = {isa = PBXBuildFile; fileRef = 6AE51D2C26B2996A00102A7C /* FindSuccessor.swift */; };
		6AE51D2E26B2996A00102A7C /* FindSuccessor.swift in Sources */ = {isa = PBXBuildFile; fileRef = 6AE51D2C26B2996A00102A7C /* FindSuccessor.swift */; };
		6AE51D3126B31D0300102A7C /* MaxSumNoAdjacent.swift in Sources */ = {isa = PBXBuildFile; fileRef = 6AE51D3026B31D0300102A7C /* MaxSumNoAdjacent.swift */; };
		6AE51D3226B31D0300102A7C /* MaxSumNoAdjacent.swift in Sources */ = {isa = PBXBuildFile; fileRef = 6AE51D3026B31D0300102A7C /* MaxSumNoAdjacent.swift */; };
		6AE51D3526B3343A00102A7C /* RemoveKthNodeFromEnd.swift in Sources */ = {isa = PBXBuildFile; fileRef = 6AE51D3426B3343A00102A7C /* RemoveKthNodeFromEnd.swift */; };
		6AE51D3626B3343A00102A7C /* RemoveKthNodeFromEnd.swift in Sources */ = {isa = PBXBuildFile; fileRef = 6AE51D3426B3343A00102A7C /* RemoveKthNodeFromEnd.swift */; };
		6AF5787D26A2E60E007B37CA /* main.swift in Sources */ = {isa = PBXBuildFile; fileRef = 6AF5787C26A2E60E007B37CA /* main.swift */; };
		6AF5788626A2E67F007B37CA /* TwoNumberSum.swift in Sources */ = {isa = PBXBuildFile; fileRef = 6AF5788526A2E67F007B37CA /* TwoNumberSum.swift */; };
		6AF5788926A2E6A4007B37CA /* ValidateSubsequence.swift in Sources */ = {isa = PBXBuildFile; fileRef = 6AF5788826A2E6A4007B37CA /* ValidateSubsequence.swift */; };
		6AF5788C26A2E6C0007B37CA /* SortedSquaredArray.swift in Sources */ = {isa = PBXBuildFile; fileRef = 6AF5788B26A2E6C0007B37CA /* SortedSquaredArray.swift */; };
		6AF5788F26A2E6D7007B37CA /* TournamentWinner.swift in Sources */ = {isa = PBXBuildFile; fileRef = 6AF5788E26A2E6D7007B37CA /* TournamentWinner.swift */; };
		6AF5789226A2E6F6007B37CA /* NonConstructibleChange.swift in Sources */ = {isa = PBXBuildFile; fileRef = 6AF5789126A2E6F6007B37CA /* NonConstructibleChange.swift */; };
		6AF5789526A2E711007B37CA /* FindClosestValueInBST.swift in Sources */ = {isa = PBXBuildFile; fileRef = 6AF5789426A2E711007B37CA /* FindClosestValueInBST.swift */; };
		6AF5789826A2E728007B37CA /* BranchSums.swift in Sources */ = {isa = PBXBuildFile; fileRef = 6AF5789726A2E728007B37CA /* BranchSums.swift */; };
		6AF5789B26A2E73A007B37CA /* NodeDpeths.swift in Sources */ = {isa = PBXBuildFile; fileRef = 6AF5789A26A2E73A007B37CA /* NodeDpeths.swift */; };
		6AF5789E26A2E74D007B37CA /* DepthFirstSearch.swift in Sources */ = {isa = PBXBuildFile; fileRef = 6AF5789D26A2E74D007B37CA /* DepthFirstSearch.swift */; };
		6AF578A126A2E7A7007B37CA /* MinimumWaitingTime.swift in Sources */ = {isa = PBXBuildFile; fileRef = 6AF578A026A2E7A7007B37CA /* MinimumWaitingTime.swift */; };
		6AF578A426A2E7BC007B37CA /* BubbleSort.swift in Sources */ = {isa = PBXBuildFile; fileRef = 6AF578A326A2E7BC007B37CA /* BubbleSort.swift */; };
		6AF578A726A2E7CD007B37CA /* InsertionSort.swift in Sources */ = {isa = PBXBuildFile; fileRef = 6AF578A626A2E7CD007B37CA /* InsertionSort.swift */; };
		6AF578AA26A2E7DE007B37CA /* SelectionSort.swift in Sources */ = {isa = PBXBuildFile; fileRef = 6AF578A926A2E7DE007B37CA /* SelectionSort.swift */; };
		6AF578AD26A2E7F0007B37CA /* NthFibonacci.swift in Sources */ = {isa = PBXBuildFile; fileRef = 6AF578AC26A2E7F0007B37CA /* NthFibonacci.swift */; };
		6AF578B026A2F44C007B37CA /* BinarySearch.swift in Sources */ = {isa = PBXBuildFile; fileRef = 6AF578AF26A2F44C007B37CA /* BinarySearch.swift */; };
		6AF578B326A2F62A007B37CA /* ProductSum.swift in Sources */ = {isa = PBXBuildFile; fileRef = 6AF578B226A2F62A007B37CA /* ProductSum.swift */; };
		6AF578B626A34871007B37CA /* ClassPhotos.swift in Sources */ = {isa = PBXBuildFile; fileRef = 6AF578B526A34871007B37CA /* ClassPhotos.swift */; };
		6AF578B926A34AD6007B37CA /* TandemBicycle.swift in Sources */ = {isa = PBXBuildFile; fileRef = 6AF578B826A34AD6007B37CA /* TandemBicycle.swift */; };
		6AF578BC26A34C97007B37CA /* RemoveDuplicatesFromLinkedList.swift in Sources */ = {isa = PBXBuildFile; fileRef = 6AF578BB26A34C97007B37CA /* RemoveDuplicatesFromLinkedList.swift */; };
		6AF578BF26A3507B007B37CA /* PalindromeCheck.swift in Sources */ = {isa = PBXBuildFile; fileRef = 6AF578BE26A3507B007B37CA /* PalindromeCheck.swift */; };
		6AF578C226A351F6007B37CA /* CaesarCipherEncryptor.swift in Sources */ = {isa = PBXBuildFile; fileRef = 6AF578C126A351F6007B37CA /* CaesarCipherEncryptor.swift */; };
		6AF578C526A35410007B37CA /* ThreeLargestNumbers.swift in Sources */ = {isa = PBXBuildFile; fileRef = 6AF578C426A35410007B37CA /* ThreeLargestNumbers.swift */; };
		6AF578C826A35E79007B37CA /* GenerateDocument.swift in Sources */ = {isa = PBXBuildFile; fileRef = 6AF578C726A35E79007B37CA /* GenerateDocument.swift */; };
		6AF578CB26A360C4007B37CA /* RunLengthEncoding.swift in Sources */ = {isa = PBXBuildFile; fileRef = 6AF578CA26A360C4007B37CA /* RunLengthEncoding.swift */; };
		6AF578CE26A36A9E007B37CA /* FirstNonRepeatingCharacter.swift in Sources */ = {isa = PBXBuildFile; fileRef = 6AF578CD26A36A9E007B37CA /* FirstNonRepeatingCharacter.swift */; };
		6AF578D626A376C4007B37CA /* Algorithm_Solutions_In_Swift_Tests.swift in Sources */ = {isa = PBXBuildFile; fileRef = 6AF578D526A376C4007B37CA /* Algorithm_Solutions_In_Swift_Tests.swift */; };
		6AF578DA26A378F0007B37CA /* BubbleSort.swift in Sources */ = {isa = PBXBuildFile; fileRef = 6AF578A326A2E7BC007B37CA /* BubbleSort.swift */; };
		6AF578DD26A3DD8F007B37CA /* ThreeNumberSum.swift in Sources */ = {isa = PBXBuildFile; fileRef = 6AF578DC26A3DD8F007B37CA /* ThreeNumberSum.swift */; };
		6AF578DE26A3DD8F007B37CA /* ThreeNumberSum.swift in Sources */ = {isa = PBXBuildFile; fileRef = 6AF578DC26A3DD8F007B37CA /* ThreeNumberSum.swift */; };
		6AF578E026A3DF2C007B37CA /* ThreeNumberSumTests.swift in Sources */ = {isa = PBXBuildFile; fileRef = 6AF578DF26A3DF2C007B37CA /* ThreeNumberSumTests.swift */; };
		6AF578E326A3E024007B37CA /* SmallestDifference.swift in Sources */ = {isa = PBXBuildFile; fileRef = 6AF578E226A3E024007B37CA /* SmallestDifference.swift */; };
		6AF578E426A3E024007B37CA /* SmallestDifference.swift in Sources */ = {isa = PBXBuildFile; fileRef = 6AF578E226A3E024007B37CA /* SmallestDifference.swift */; };
		6AF578E726A3E320007B37CA /* MoveElementToEnd.swift in Sources */ = {isa = PBXBuildFile; fileRef = 6AF578E626A3E320007B37CA /* MoveElementToEnd.swift */; };
		6AF578E826A3E320007B37CA /* MoveElementToEnd.swift in Sources */ = {isa = PBXBuildFile; fileRef = 6AF578E626A3E320007B37CA /* MoveElementToEnd.swift */; };
		6AF578EB26A3E923007B37CA /* MonotonicArray.swift in Sources */ = {isa = PBXBuildFile; fileRef = 6AF578EA26A3E923007B37CA /* MonotonicArray.swift */; };
		6AF578EC26A3E923007B37CA /* MonotonicArray.swift in Sources */ = {isa = PBXBuildFile; fileRef = 6AF578EA26A3E923007B37CA /* MonotonicArray.swift */; };
		6AF578EF26A3EDCC007B37CA /* ArrayOfProducts.swift in Sources */ = {isa = PBXBuildFile; fileRef = 6AF578EE26A3EDCC007B37CA /* ArrayOfProducts.swift */; };
		6AF578F026A3EDCC007B37CA /* ArrayOfProducts.swift in Sources */ = {isa = PBXBuildFile; fileRef = 6AF578EE26A3EDCC007B37CA /* ArrayOfProducts.swift */; };
		6AF578F326A4AF2F007B37CA /* InvertBinaryTree.swift in Sources */ = {isa = PBXBuildFile; fileRef = 6AF578F226A4AF2F007B37CA /* InvertBinaryTree.swift */; };
		6AF578F426A4AF2F007B37CA /* InvertBinaryTree.swift in Sources */ = {isa = PBXBuildFile; fileRef = 6AF578F226A4AF2F007B37CA /* InvertBinaryTree.swift */; };
		6AF578F726A4B207007B37CA /* BSTTraversal.swift in Sources */ = {isa = PBXBuildFile; fileRef = 6AF578F626A4B207007B37CA /* BSTTraversal.swift */; };
		6AF578F826A4B207007B37CA /* BSTTraversal.swift in Sources */ = {isa = PBXBuildFile; fileRef = 6AF578F626A4B207007B37CA /* BSTTraversal.swift */; };
		6AF578FB26A4B69F007B37CA /* BreadthFirstSearch.swift in Sources */ = {isa = PBXBuildFile; fileRef = 6AF578FA26A4B69F007B37CA /* BreadthFirstSearch.swift */; };
		6AF578FC26A4B69F007B37CA /* BreadthFirstSearch.swift in Sources */ = {isa = PBXBuildFile; fileRef = 6AF578FA26A4B69F007B37CA /* BreadthFirstSearch.swift */; };
		6AF5790126A5ACBD007B37CA /* ExtraLongFactorials.swift in Sources */ = {isa = PBXBuildFile; fileRef = 6AF5790026A5ACBD007B37CA /* ExtraLongFactorials.swift */; };
		6AF5790226A5ACBD007B37CA /* ExtraLongFactorials.swift in Sources */ = {isa = PBXBuildFile; fileRef = 6AF5790026A5ACBD007B37CA /* ExtraLongFactorials.swift */; };
		6AF5790526A6DCA1007B37CA /* LarrysArray.swift in Sources */ = {isa = PBXBuildFile; fileRef = 6AF5790426A6DCA1007B37CA /* LarrysArray.swift */; };
		6AF5790626A6DCA1007B37CA /* LarrysArray.swift in Sources */ = {isa = PBXBuildFile; fileRef = 6AF5790426A6DCA1007B37CA /* LarrysArray.swift */; };
		6AF5790926A6E0FC007B37CA /* BinarySearchTrees.swift in Sources */ = {isa = PBXBuildFile; fileRef = 6AF5790826A6E0FC007B37CA /* BinarySearchTrees.swift */; };
		6AF5790A26A6E0FC007B37CA /* BinarySearchTrees.swift in Sources */ = {isa = PBXBuildFile; fileRef = 6AF5790826A6E0FC007B37CA /* BinarySearchTrees.swift */; };
		6AF5790D26A6EECD007B37CA /* BitwiseAND.swift in Sources */ = {isa = PBXBuildFile; fileRef = 6AF5790C26A6EECD007B37CA /* BitwiseAND.swift */; };
		6AF5790E26A6EECD007B37CA /* BitwiseAND.swift in Sources */ = {isa = PBXBuildFile; fileRef = 6AF5790C26A6EECD007B37CA /* BitwiseAND.swift */; };
		6AF5791126A744AC007B37CA /* TicTacToeWinner.swift in Sources */ = {isa = PBXBuildFile; fileRef = 6AF5791026A744AC007B37CA /* TicTacToeWinner.swift */; };
		6AF5791226A744AD007B37CA /* TicTacToeWinner.swift in Sources */ = {isa = PBXBuildFile; fileRef = 6AF5791026A744AC007B37CA /* TicTacToeWinner.swift */; };
		6AF5791526A74CC6007B37CA /* CountPairs.swift in Sources */ = {isa = PBXBuildFile; fileRef = 6AF5791426A74CC6007B37CA /* CountPairs.swift */; };
		6AF5791626A74CC6007B37CA /* CountPairs.swift in Sources */ = {isa = PBXBuildFile; fileRef = 6AF5791426A74CC6007B37CA /* CountPairs.swift */; };
		6AF5791926A75668007B37CA /* AlmostSorted.swift in Sources */ = {isa = PBXBuildFile; fileRef = 6AF5791826A75668007B37CA /* AlmostSorted.swift */; };
		6AF5791A26A75668007B37CA /* AlmostSorted.swift in Sources */ = {isa = PBXBuildFile; fileRef = 6AF5791826A75668007B37CA /* AlmostSorted.swift */; };
		6AF5791D26A82ABE007B37CA /* Encryption.swift in Sources */ = {isa = PBXBuildFile; fileRef = 6AF5791C26A82ABE007B37CA /* Encryption.swift */; };
		6AF5791E26A82ABE007B37CA /* Encryption.swift in Sources */ = {isa = PBXBuildFile; fileRef = 6AF5791C26A82ABE007B37CA /* Encryption.swift */; };
		6AF5792126A860E8007B37CA /* FirstDuplicateValue.swift in Sources */ = {isa = PBXBuildFile; fileRef = 6AF5792026A860E8007B37CA /* FirstDuplicateValue.swift */; };
		6AF5792226A860E8007B37CA /* FirstDuplicateValue.swift in Sources */ = {isa = PBXBuildFile; fileRef = 6AF5792026A860E8007B37CA /* FirstDuplicateValue.swift */; };
		6AF5792526A863A6007B37CA /* MinHeightBST.swift in Sources */ = {isa = PBXBuildFile; fileRef = 6AF5792426A863A6007B37CA /* MinHeightBST.swift */; };
		6AF5792626A863A6007B37CA /* MinHeightBST.swift in Sources */ = {isa = PBXBuildFile; fileRef = 6AF5792426A863A6007B37CA /* MinHeightBST.swift */; };
		6AF5792926A9D7B3007B37CA /* QuickSort.swift in Sources */ = {isa = PBXBuildFile; fileRef = 6AF5792826A9D7B3007B37CA /* QuickSort.swift */; };
		6AF5792A26A9D7B3007B37CA /* QuickSort.swift in Sources */ = {isa = PBXBuildFile; fileRef = 6AF5792826A9D7B3007B37CA /* QuickSort.swift */; };
		6AF5792D26A9E06C007B37CA /* FindLoop.swift in Sources */ = {isa = PBXBuildFile; fileRef = 6AF5792C26A9E06C007B37CA /* FindLoop.swift */; };
		6AF5792E26A9E06C007B37CA /* FindLoop.swift in Sources */ = {isa = PBXBuildFile; fileRef = 6AF5792C26A9E06C007B37CA /* FindLoop.swift */; };
		6AF5793126A9E0D3007B37CA /* LinkedList.swift in Sources */ = {isa = PBXBuildFile; fileRef = 6AF5793026A9E0D3007B37CA /* LinkedList.swift */; };
		6AF5793226A9E0D3007B37CA /* LinkedList.swift in Sources */ = {isa = PBXBuildFile; fileRef = 6AF5793026A9E0D3007B37CA /* LinkedList.swift */; };
		6AF5793426A9E11A007B37CA /* BinaryTree.swift in Sources */ = {isa = PBXBuildFile; fileRef = 6AF5793326A9E11A007B37CA /* BinaryTree.swift */; };
		6AF5793526A9E11A007B37CA /* BinaryTree.swift in Sources */ = {isa = PBXBuildFile; fileRef = 6AF5793326A9E11A007B37CA /* BinaryTree.swift */; };
		6AF5793726A9E1DD007B37CA /* BinarySearchTree.swift in Sources */ = {isa = PBXBuildFile; fileRef = 6AF5793626A9E1DD007B37CA /* BinarySearchTree.swift */; };
		6AF5793826A9E1DD007B37CA /* BinarySearchTree.swift in Sources */ = {isa = PBXBuildFile; fileRef = 6AF5793626A9E1DD007B37CA /* BinarySearchTree.swift */; };
		6AF5793A26A9E332007B37CA /* TypeAliases.swift in Sources */ = {isa = PBXBuildFile; fileRef = 6AF5793926A9E332007B37CA /* TypeAliases.swift */; };
		6AF5793B26A9E332007B37CA /* TypeAliases.swift in Sources */ = {isa = PBXBuildFile; fileRef = 6AF5793926A9E332007B37CA /* TypeAliases.swift */; };
		6AF5793E26A9F609007B37CA /* LongestPeak.swift in Sources */ = {isa = PBXBuildFile; fileRef = 6AF5793D26A9F609007B37CA /* LongestPeak.swift */; };
		6AF5793F26A9F609007B37CA /* LongestPeak.swift in Sources */ = {isa = PBXBuildFile; fileRef = 6AF5793D26A9F609007B37CA /* LongestPeak.swift */; };
		6AF5794226A9FF10007B37CA /* SingleCycleCheck.swift in Sources */ = {isa = PBXBuildFile; fileRef = 6AF5794126A9FF10007B37CA /* SingleCycleCheck.swift */; };
		6AF5794326A9FF10007B37CA /* SingleCycleCheck.swift in Sources */ = {isa = PBXBuildFile; fileRef = 6AF5794126A9FF10007B37CA /* SingleCycleCheck.swift */; };
		6AF5794626AA9109007B37CA /* SpiralTraverse.swift in Sources */ = {isa = PBXBuildFile; fileRef = 6AF5794526AA9109007B37CA /* SpiralTraverse.swift */; };
		6AF5794726AA9109007B37CA /* SpiralTraverse.swift in Sources */ = {isa = PBXBuildFile; fileRef = 6AF5794526AA9109007B37CA /* SpiralTraverse.swift */; };
		6AF5794A26AAC047007B37CA /* MergeSort.swift in Sources */ = {isa = PBXBuildFile; fileRef = 6AF5794926AAC047007B37CA /* MergeSort.swift */; };
		6AF5794B26AAC047007B37CA /* MergeSort.swift in Sources */ = {isa = PBXBuildFile; fileRef = 6AF5794926AAC047007B37CA /* MergeSort.swift */; };
		6AF5794E26ABD338007B37CA /* BSTConstruction.swift in Sources */ = {isa = PBXBuildFile; fileRef = 6AF5794D26ABD338007B37CA /* BSTConstruction.swift */; };
		6AF5794F26ABD338007B37CA /* BSTConstruction.swift in Sources */ = {isa = PBXBuildFile; fileRef = 6AF5794D26ABD338007B37CA /* BSTConstruction.swift */; };
		6AF5795226ABF532007B37CA /* ValidateBST.swift in Sources */ = {isa = PBXBuildFile; fileRef = 6AF5795126ABF532007B37CA /* ValidateBST.swift */; };
		6AF5795326ABF532007B37CA /* ValidateBST.swift in Sources */ = {isa = PBXBuildFile; fileRef = 6AF5795126ABF532007B37CA /* ValidateBST.swift */; };
		6AF5795626AC0FC9007B37CA /* BinaryTreeDiameter.swift in Sources */ = {isa = PBXBuildFile; fileRef = 6AF5795526AC0FC9007B37CA /* BinaryTreeDiameter.swift */; };
		6AF5795726AC0FC9007B37CA /* BinaryTreeDiameter.swift in Sources */ = {isa = PBXBuildFile; fileRef = 6AF5795526AC0FC9007B37CA /* BinaryTreeDiameter.swift */; };
		6AF5795A26AC287A007B37CA /* ThreeNumberSort.swift in Sources */ = {isa = PBXBuildFile; fileRef = 6AF5795926AC2879007B37CA /* ThreeNumberSort.swift */; };
		6AF5795B26AC287A007B37CA /* ThreeNumberSort.swift in Sources */ = {isa = PBXBuildFile; fileRef = 6AF5795926AC2879007B37CA /* ThreeNumberSort.swift */; };
		6AF5795E26AC2BA0007B37CA /* LinkedListConstruction.swift in Sources */ = {isa = PBXBuildFile; fileRef = 6AF5795D26AC2BA0007B37CA /* LinkedListConstruction.swift */; };
		6AF5795F26AC2BA0007B37CA /* LinkedListConstruction.swift in Sources */ = {isa = PBXBuildFile; fileRef = 6AF5795D26AC2BA0007B37CA /* LinkedListConstruction.swift */; };
/* End PBXBuildFile section */

/* Begin PBXCopyFilesBuildPhase section */
		6AF5787726A2E60E007B37CA /* CopyFiles */ = {
			isa = PBXCopyFilesBuildPhase;
			buildActionMask = 2147483647;
			dstPath = /usr/share/man/man1/;
			dstSubfolderSpec = 0;
			files = (
			);
			runOnlyForDeploymentPostprocessing = 1;
		};
/* End PBXCopyFilesBuildPhase section */

/* Begin PBXFileReference section */
		6AE51D2C26B2996A00102A7C /* FindSuccessor.swift */ = {isa = PBXFileReference; lastKnownFileType = sourcecode.swift; path = FindSuccessor.swift; sourceTree = "<group>"; };
		6AE51D3026B31D0300102A7C /* MaxSumNoAdjacent.swift */ = {isa = PBXFileReference; lastKnownFileType = sourcecode.swift; path = MaxSumNoAdjacent.swift; sourceTree = "<group>"; };
		6AE51D3426B3343A00102A7C /* RemoveKthNodeFromEnd.swift */ = {isa = PBXFileReference; lastKnownFileType = sourcecode.swift; path = RemoveKthNodeFromEnd.swift; sourceTree = "<group>"; };
		6AF5787926A2E60E007B37CA /* Algorithm Solutions In Swift */ = {isa = PBXFileReference; explicitFileType = "compiled.mach-o.executable"; includeInIndex = 0; path = "Algorithm Solutions In Swift"; sourceTree = BUILT_PRODUCTS_DIR; };
		6AF5787C26A2E60E007B37CA /* main.swift */ = {isa = PBXFileReference; lastKnownFileType = sourcecode.swift; path = main.swift; sourceTree = "<group>"; };
		6AF5788526A2E67F007B37CA /* TwoNumberSum.swift */ = {isa = PBXFileReference; fileEncoding = 4; lastKnownFileType = sourcecode.swift; path = TwoNumberSum.swift; sourceTree = "<group>"; };
		6AF5788826A2E6A4007B37CA /* ValidateSubsequence.swift */ = {isa = PBXFileReference; fileEncoding = 4; lastKnownFileType = sourcecode.swift; path = ValidateSubsequence.swift; sourceTree = "<group>"; };
		6AF5788B26A2E6C0007B37CA /* SortedSquaredArray.swift */ = {isa = PBXFileReference; fileEncoding = 4; lastKnownFileType = sourcecode.swift; path = SortedSquaredArray.swift; sourceTree = "<group>"; };
		6AF5788E26A2E6D7007B37CA /* TournamentWinner.swift */ = {isa = PBXFileReference; fileEncoding = 4; lastKnownFileType = sourcecode.swift; path = TournamentWinner.swift; sourceTree = "<group>"; };
		6AF5789126A2E6F6007B37CA /* NonConstructibleChange.swift */ = {isa = PBXFileReference; fileEncoding = 4; lastKnownFileType = sourcecode.swift; path = NonConstructibleChange.swift; sourceTree = "<group>"; };
		6AF5789426A2E711007B37CA /* FindClosestValueInBST.swift */ = {isa = PBXFileReference; fileEncoding = 4; lastKnownFileType = sourcecode.swift; path = FindClosestValueInBST.swift; sourceTree = "<group>"; };
		6AF5789726A2E728007B37CA /* BranchSums.swift */ = {isa = PBXFileReference; fileEncoding = 4; lastKnownFileType = sourcecode.swift; path = BranchSums.swift; sourceTree = "<group>"; };
		6AF5789A26A2E73A007B37CA /* NodeDpeths.swift */ = {isa = PBXFileReference; fileEncoding = 4; lastKnownFileType = sourcecode.swift; path = NodeDpeths.swift; sourceTree = "<group>"; };
		6AF5789D26A2E74D007B37CA /* DepthFirstSearch.swift */ = {isa = PBXFileReference; fileEncoding = 4; lastKnownFileType = sourcecode.swift; path = DepthFirstSearch.swift; sourceTree = "<group>"; };
		6AF578A026A2E7A7007B37CA /* MinimumWaitingTime.swift */ = {isa = PBXFileReference; fileEncoding = 4; lastKnownFileType = sourcecode.swift; path = MinimumWaitingTime.swift; sourceTree = "<group>"; };
		6AF578A326A2E7BC007B37CA /* BubbleSort.swift */ = {isa = PBXFileReference; fileEncoding = 4; lastKnownFileType = sourcecode.swift; path = BubbleSort.swift; sourceTree = "<group>"; };
		6AF578A626A2E7CD007B37CA /* InsertionSort.swift */ = {isa = PBXFileReference; fileEncoding = 4; lastKnownFileType = sourcecode.swift; path = InsertionSort.swift; sourceTree = "<group>"; };
		6AF578A926A2E7DE007B37CA /* SelectionSort.swift */ = {isa = PBXFileReference; fileEncoding = 4; lastKnownFileType = sourcecode.swift; path = SelectionSort.swift; sourceTree = "<group>"; };
		6AF578AC26A2E7F0007B37CA /* NthFibonacci.swift */ = {isa = PBXFileReference; fileEncoding = 4; lastKnownFileType = sourcecode.swift; path = NthFibonacci.swift; sourceTree = "<group>"; };
		6AF578AF26A2F44C007B37CA /* BinarySearch.swift */ = {isa = PBXFileReference; lastKnownFileType = sourcecode.swift; path = BinarySearch.swift; sourceTree = "<group>"; };
		6AF578B226A2F62A007B37CA /* ProductSum.swift */ = {isa = PBXFileReference; lastKnownFileType = sourcecode.swift; path = ProductSum.swift; sourceTree = "<group>"; };
		6AF578B526A34871007B37CA /* ClassPhotos.swift */ = {isa = PBXFileReference; lastKnownFileType = sourcecode.swift; path = ClassPhotos.swift; sourceTree = "<group>"; };
		6AF578B826A34AD6007B37CA /* TandemBicycle.swift */ = {isa = PBXFileReference; lastKnownFileType = sourcecode.swift; path = TandemBicycle.swift; sourceTree = "<group>"; };
		6AF578BB26A34C97007B37CA /* RemoveDuplicatesFromLinkedList.swift */ = {isa = PBXFileReference; lastKnownFileType = sourcecode.swift; path = RemoveDuplicatesFromLinkedList.swift; sourceTree = "<group>"; };
		6AF578BE26A3507B007B37CA /* PalindromeCheck.swift */ = {isa = PBXFileReference; lastKnownFileType = sourcecode.swift; path = PalindromeCheck.swift; sourceTree = "<group>"; };
		6AF578C126A351F6007B37CA /* CaesarCipherEncryptor.swift */ = {isa = PBXFileReference; lastKnownFileType = sourcecode.swift; path = CaesarCipherEncryptor.swift; sourceTree = "<group>"; };
		6AF578C426A35410007B37CA /* ThreeLargestNumbers.swift */ = {isa = PBXFileReference; lastKnownFileType = sourcecode.swift; path = ThreeLargestNumbers.swift; sourceTree = "<group>"; };
		6AF578C726A35E79007B37CA /* GenerateDocument.swift */ = {isa = PBXFileReference; lastKnownFileType = sourcecode.swift; path = GenerateDocument.swift; sourceTree = "<group>"; };
		6AF578CA26A360C4007B37CA /* RunLengthEncoding.swift */ = {isa = PBXFileReference; lastKnownFileType = sourcecode.swift; path = RunLengthEncoding.swift; sourceTree = "<group>"; };
		6AF578CD26A36A9E007B37CA /* FirstNonRepeatingCharacter.swift */ = {isa = PBXFileReference; lastKnownFileType = sourcecode.swift; path = FirstNonRepeatingCharacter.swift; sourceTree = "<group>"; };
		6AF578D326A376C4007B37CA /* Algorithm Solutions In Swift Tests.xctest */ = {isa = PBXFileReference; explicitFileType = wrapper.cfbundle; includeInIndex = 0; path = "Algorithm Solutions In Swift Tests.xctest"; sourceTree = BUILT_PRODUCTS_DIR; };
		6AF578D526A376C4007B37CA /* Algorithm_Solutions_In_Swift_Tests.swift */ = {isa = PBXFileReference; lastKnownFileType = sourcecode.swift; path = Algorithm_Solutions_In_Swift_Tests.swift; sourceTree = "<group>"; };
		6AF578DC26A3DD8F007B37CA /* ThreeNumberSum.swift */ = {isa = PBXFileReference; lastKnownFileType = sourcecode.swift; path = ThreeNumberSum.swift; sourceTree = "<group>"; };
		6AF578DF26A3DF2C007B37CA /* ThreeNumberSumTests.swift */ = {isa = PBXFileReference; lastKnownFileType = sourcecode.swift; path = ThreeNumberSumTests.swift; sourceTree = "<group>"; };
		6AF578E226A3E024007B37CA /* SmallestDifference.swift */ = {isa = PBXFileReference; lastKnownFileType = sourcecode.swift; path = SmallestDifference.swift; sourceTree = "<group>"; };
		6AF578E626A3E320007B37CA /* MoveElementToEnd.swift */ = {isa = PBXFileReference; lastKnownFileType = sourcecode.swift; path = MoveElementToEnd.swift; sourceTree = "<group>"; };
		6AF578EA26A3E923007B37CA /* MonotonicArray.swift */ = {isa = PBXFileReference; lastKnownFileType = sourcecode.swift; path = MonotonicArray.swift; sourceTree = "<group>"; };
		6AF578EE26A3EDCC007B37CA /* ArrayOfProducts.swift */ = {isa = PBXFileReference; lastKnownFileType = sourcecode.swift; path = ArrayOfProducts.swift; sourceTree = "<group>"; };
		6AF578F226A4AF2F007B37CA /* InvertBinaryTree.swift */ = {isa = PBXFileReference; lastKnownFileType = sourcecode.swift; path = InvertBinaryTree.swift; sourceTree = "<group>"; };
		6AF578F626A4B207007B37CA /* BSTTraversal.swift */ = {isa = PBXFileReference; lastKnownFileType = sourcecode.swift; path = BSTTraversal.swift; sourceTree = "<group>"; };
		6AF578FA26A4B69F007B37CA /* BreadthFirstSearch.swift */ = {isa = PBXFileReference; lastKnownFileType = sourcecode.swift; path = BreadthFirstSearch.swift; sourceTree = "<group>"; };
		6AF5790026A5ACBD007B37CA /* ExtraLongFactorials.swift */ = {isa = PBXFileReference; lastKnownFileType = sourcecode.swift; path = ExtraLongFactorials.swift; sourceTree = "<group>"; };
		6AF5790426A6DCA1007B37CA /* LarrysArray.swift */ = {isa = PBXFileReference; lastKnownFileType = sourcecode.swift; path = LarrysArray.swift; sourceTree = "<group>"; };
		6AF5790826A6E0FC007B37CA /* BinarySearchTrees.swift */ = {isa = PBXFileReference; lastKnownFileType = sourcecode.swift; path = BinarySearchTrees.swift; sourceTree = "<group>"; };
		6AF5790C26A6EECD007B37CA /* BitwiseAND.swift */ = {isa = PBXFileReference; lastKnownFileType = sourcecode.swift; path = BitwiseAND.swift; sourceTree = "<group>"; };
		6AF5791026A744AC007B37CA /* TicTacToeWinner.swift */ = {isa = PBXFileReference; lastKnownFileType = sourcecode.swift; path = TicTacToeWinner.swift; sourceTree = "<group>"; };
		6AF5791426A74CC6007B37CA /* CountPairs.swift */ = {isa = PBXFileReference; lastKnownFileType = sourcecode.swift; path = CountPairs.swift; sourceTree = "<group>"; };
		6AF5791826A75668007B37CA /* AlmostSorted.swift */ = {isa = PBXFileReference; lastKnownFileType = sourcecode.swift; path = AlmostSorted.swift; sourceTree = "<group>"; };
		6AF5791C26A82ABE007B37CA /* Encryption.swift */ = {isa = PBXFileReference; lastKnownFileType = sourcecode.swift; path = Encryption.swift; sourceTree = "<group>"; };
		6AF5792026A860E8007B37CA /* FirstDuplicateValue.swift */ = {isa = PBXFileReference; lastKnownFileType = sourcecode.swift; path = FirstDuplicateValue.swift; sourceTree = "<group>"; };
		6AF5792426A863A6007B37CA /* MinHeightBST.swift */ = {isa = PBXFileReference; lastKnownFileType = sourcecode.swift; path = MinHeightBST.swift; sourceTree = "<group>"; };
		6AF5792826A9D7B3007B37CA /* QuickSort.swift */ = {isa = PBXFileReference; lastKnownFileType = sourcecode.swift; path = QuickSort.swift; sourceTree = "<group>"; };
		6AF5792C26A9E06C007B37CA /* FindLoop.swift */ = {isa = PBXFileReference; lastKnownFileType = sourcecode.swift; path = FindLoop.swift; sourceTree = "<group>"; };
		6AF5793026A9E0D3007B37CA /* LinkedList.swift */ = {isa = PBXFileReference; lastKnownFileType = sourcecode.swift; path = LinkedList.swift; sourceTree = "<group>"; };
		6AF5793326A9E11A007B37CA /* BinaryTree.swift */ = {isa = PBXFileReference; lastKnownFileType = sourcecode.swift; path = BinaryTree.swift; sourceTree = "<group>"; };
		6AF5793626A9E1DD007B37CA /* BinarySearchTree.swift */ = {isa = PBXFileReference; lastKnownFileType = sourcecode.swift; path = BinarySearchTree.swift; sourceTree = "<group>"; };
		6AF5793926A9E332007B37CA /* TypeAliases.swift */ = {isa = PBXFileReference; lastKnownFileType = sourcecode.swift; path = TypeAliases.swift; sourceTree = "<group>"; };
		6AF5793D26A9F609007B37CA /* LongestPeak.swift */ = {isa = PBXFileReference; lastKnownFileType = sourcecode.swift; path = LongestPeak.swift; sourceTree = "<group>"; };
		6AF5794126A9FF10007B37CA /* SingleCycleCheck.swift */ = {isa = PBXFileReference; lastKnownFileType = sourcecode.swift; path = SingleCycleCheck.swift; sourceTree = "<group>"; };
		6AF5794526AA9109007B37CA /* SpiralTraverse.swift */ = {isa = PBXFileReference; lastKnownFileType = sourcecode.swift; path = SpiralTraverse.swift; sourceTree = "<group>"; };
		6AF5794926AAC047007B37CA /* MergeSort.swift */ = {isa = PBXFileReference; lastKnownFileType = sourcecode.swift; path = MergeSort.swift; sourceTree = "<group>"; };
		6AF5794D26ABD338007B37CA /* BSTConstruction.swift */ = {isa = PBXFileReference; lastKnownFileType = sourcecode.swift; path = BSTConstruction.swift; sourceTree = "<group>"; };
		6AF5795126ABF532007B37CA /* ValidateBST.swift */ = {isa = PBXFileReference; lastKnownFileType = sourcecode.swift; path = ValidateBST.swift; sourceTree = "<group>"; };
		6AF5795526AC0FC9007B37CA /* BinaryTreeDiameter.swift */ = {isa = PBXFileReference; lastKnownFileType = sourcecode.swift; path = BinaryTreeDiameter.swift; sourceTree = "<group>"; };
		6AF5795926AC2879007B37CA /* ThreeNumberSort.swift */ = {isa = PBXFileReference; lastKnownFileType = sourcecode.swift; path = ThreeNumberSort.swift; sourceTree = "<group>"; };
		6AF5795D26AC2BA0007B37CA /* LinkedListConstruction.swift */ = {isa = PBXFileReference; lastKnownFileType = sourcecode.swift; path = LinkedListConstruction.swift; sourceTree = "<group>"; };
/* End PBXFileReference section */

/* Begin PBXFrameworksBuildPhase section */
		6AF5787626A2E60E007B37CA /* Frameworks */ = {
			isa = PBXFrameworksBuildPhase;
			buildActionMask = 2147483647;
			files = (
			);
			runOnlyForDeploymentPostprocessing = 0;
		};
		6AF578D026A376C4007B37CA /* Frameworks */ = {
			isa = PBXFrameworksBuildPhase;
			buildActionMask = 2147483647;
			files = (
			);
			runOnlyForDeploymentPostprocessing = 0;
		};
/* End PBXFrameworksBuildPhase section */

/* Begin PBXGroup section */
		6AE51D2B26B2995E00102A7C /* Find Successor */ = {
			isa = PBXGroup;
			children = (
				6AE51D2C26B2996A00102A7C /* FindSuccessor.swift */,
			);
			path = "Find Successor";
			sourceTree = "<group>";
		};
		6AE51D2F26B31CF100102A7C /* Max Subset Sum No Adjacent */ = {
			isa = PBXGroup;
			children = (
				6AE51D3026B31D0300102A7C /* MaxSumNoAdjacent.swift */,
			);
			path = "Max Subset Sum No Adjacent";
			sourceTree = "<group>";
		};
		6AE51D3326B3342B00102A7C /* Remove Kth Node From End */ = {
			isa = PBXGroup;
			children = (
				6AE51D3426B3343A00102A7C /* RemoveKthNodeFromEnd.swift */,
			);
			path = "Remove Kth Node From End";
			sourceTree = "<group>";
		};
		6AF5787026A2E60E007B37CA = {
			isa = PBXGroup;
			children = (
				6AF5792F26A9E0C9007B37CA /* Data Structures */,
				6AF578FE26A5ACA3007B37CA /* HackerRank */,
				6AF5788326A2E674007B37CA /* AlgoExpert */,
				6AF5787B26A2E60E007B37CA /* Algorithm Solutions In Swift */,
				6AF578D426A376C4007B37CA /* Algorithm Solutions In Swift Tests */,
				6AF5787A26A2E60E007B37CA /* Products */,
			);
			sourceTree = "<group>";
		};
		6AF5787A26A2E60E007B37CA /* Products */ = {
			isa = PBXGroup;
			children = (
				6AF5787926A2E60E007B37CA /* Algorithm Solutions In Swift */,
				6AF578D326A376C4007B37CA /* Algorithm Solutions In Swift Tests.xctest */,
			);
			name = Products;
			sourceTree = "<group>";
		};
		6AF5787B26A2E60E007B37CA /* Algorithm Solutions In Swift */ = {
			isa = PBXGroup;
			children = (
				6AF5787C26A2E60E007B37CA /* main.swift */,
			);
			path = "Algorithm Solutions In Swift";
			sourceTree = "<group>";
		};
		6AF5788326A2E674007B37CA /* AlgoExpert */ = {
			isa = PBXGroup;
			children = (
				6AE51D3326B3342B00102A7C /* Remove Kth Node From End */,
				6AE51D2F26B31CF100102A7C /* Max Subset Sum No Adjacent */,
				6AE51D2B26B2995E00102A7C /* Find Successor */,
				6AF5795C26AC2B8E007B37CA /* Linked List Construction */,
				6AF5795826AC286C007B37CA /* Three Number Sort */,
				6AF5795426AC0FB9007B37CA /* Binary Tree Diameter */,
				6AF5795026ABF524007B37CA /* Validate BST */,
				6AF5794C26ABD327007B37CA /* BST Construction */,
				6AF5794826AAC03E007B37CA /* Merge Sort */,
				6AF5794426AA90F8007B37CA /* Spiral Traverse */,
				6AF5794026A9FF02007B37CA /* Single Cycle Check */,
				6AF5793C26A9F5FC007B37CA /* Longest Peak */,
				6AF5792B26A9E062007B37CA /* Find Loop in Linked List */,
				6AF5792726A9D7A6007B37CA /* Quick Sort */,
				6AF5792326A8638B007B37CA /* Min Height BST */,
				6AF5791F26A860DA007B37CA /* First Duplicate Value */,
				6AF578F926A4B674007B37CA /*  Breadth First Search */,
				6AF578F526A4B1F7007B37CA /* BST Traversal */,
				6AF578F126A4AEFA007B37CA /* Invert Binary Tree */,
				6AF578ED26A3EDAB007B37CA /* Array of Products */,
				6AF578E926A3E917007B37CA /* Monotonic Array */,
				6AF578E526A3E311007B37CA /* Move Element to End */,
				6AF578E126A3E016007B37CA /* Smallest Difference */,
				6AF578DB26A3DD81007B37CA /* Three Number Sum */,
				6AF578CC26A36A8C007B37CA /* First Non Repeating Character */,
				6AF578C926A360B4007B37CA /* Run Length Encoding */,
				6AF578C626A35E6D007B37CA /* Generate Document */,
				6AF578C326A35402007B37CA /* Find Three Largest Numbers */,
				6AF578C026A351E6007B37CA /* Caesar Cipher Encryptor */,
				6AF578BD26A3506D007B37CA /* Palindrome Check */,
				6AF578BA26A34C81007B37CA /* Remove Duplicates From Linked List */,
				6AF578B726A34ACC007B37CA /* Tandem Bicycle */,
				6AF578B426A34864007B37CA /* Class Photos */,
				6AF578B126A2F621007B37CA /* Product Sum */,
				6AF578AE26A2F440007B37CA /* Binary Search */,
				6AF578AB26A2E7F0007B37CA /* Nth Fibonacci */,
				6AF578A826A2E7DE007B37CA /* Selection Sort */,
				6AF578A526A2E7CD007B37CA /* Insertion Sort */,
				6AF578A226A2E7BC007B37CA /* Bubble Sort */,
				6AF5789F26A2E7A7007B37CA /* Minimum Waiting Time */,
				6AF5789C26A2E74D007B37CA /* Depth First Search */,
				6AF5789926A2E73A007B37CA /* Node Depths */,
				6AF5789626A2E728007B37CA /* Branch Sums */,
				6AF5789326A2E711007B37CA /* Find Closest Value In BST */,
				6AF5789026A2E6F6007B37CA /* Non-Constructible Change */,
				6AF5788D26A2E6D7007B37CA /* Tournament Winner */,
				6AF5788A26A2E6C0007B37CA /* Sorted Squared Array */,
				6AF5788726A2E6A4007B37CA /* Validate Subsequence */,
				6AF5788426A2E67F007B37CA /* Two Number Sum */,
			);
			path = AlgoExpert;
			sourceTree = "<group>";
		};
		6AF5788426A2E67F007B37CA /* Two Number Sum */ = {
			isa = PBXGroup;
			children = (
				6AF5788526A2E67F007B37CA /* TwoNumberSum.swift */,
			);
			path = "Two Number Sum";
			sourceTree = "<group>";
		};
		6AF5788726A2E6A4007B37CA /* Validate Subsequence */ = {
			isa = PBXGroup;
			children = (
				6AF5788826A2E6A4007B37CA /* ValidateSubsequence.swift */,
			);
			path = "Validate Subsequence";
			sourceTree = "<group>";
		};
		6AF5788A26A2E6C0007B37CA /* Sorted Squared Array */ = {
			isa = PBXGroup;
			children = (
				6AF5788B26A2E6C0007B37CA /* SortedSquaredArray.swift */,
			);
			path = "Sorted Squared Array";
			sourceTree = "<group>";
		};
		6AF5788D26A2E6D7007B37CA /* Tournament Winner */ = {
			isa = PBXGroup;
			children = (
				6AF5788E26A2E6D7007B37CA /* TournamentWinner.swift */,
			);
			path = "Tournament Winner";
			sourceTree = "<group>";
		};
		6AF5789026A2E6F6007B37CA /* Non-Constructible Change */ = {
			isa = PBXGroup;
			children = (
				6AF5789126A2E6F6007B37CA /* NonConstructibleChange.swift */,
			);
			path = "Non-Constructible Change";
			sourceTree = "<group>";
		};
		6AF5789326A2E711007B37CA /* Find Closest Value In BST */ = {
			isa = PBXGroup;
			children = (
				6AF5789426A2E711007B37CA /* FindClosestValueInBST.swift */,
			);
			path = "Find Closest Value In BST";
			sourceTree = "<group>";
		};
		6AF5789626A2E728007B37CA /* Branch Sums */ = {
			isa = PBXGroup;
			children = (
				6AF5789726A2E728007B37CA /* BranchSums.swift */,
			);
			path = "Branch Sums";
			sourceTree = "<group>";
		};
		6AF5789926A2E73A007B37CA /* Node Depths */ = {
			isa = PBXGroup;
			children = (
				6AF5789A26A2E73A007B37CA /* NodeDpeths.swift */,
			);
			path = "Node Depths";
			sourceTree = "<group>";
		};
		6AF5789C26A2E74D007B37CA /* Depth First Search */ = {
			isa = PBXGroup;
			children = (
				6AF5789D26A2E74D007B37CA /* DepthFirstSearch.swift */,
			);
			path = "Depth First Search";
			sourceTree = "<group>";
		};
		6AF5789F26A2E7A7007B37CA /* Minimum Waiting Time */ = {
			isa = PBXGroup;
			children = (
				6AF578A026A2E7A7007B37CA /* MinimumWaitingTime.swift */,
			);
			path = "Minimum Waiting Time";
			sourceTree = "<group>";
		};
		6AF578A226A2E7BC007B37CA /* Bubble Sort */ = {
			isa = PBXGroup;
			children = (
				6AF578A326A2E7BC007B37CA /* BubbleSort.swift */,
			);
			path = "Bubble Sort";
			sourceTree = "<group>";
		};
		6AF578A526A2E7CD007B37CA /* Insertion Sort */ = {
			isa = PBXGroup;
			children = (
				6AF578A626A2E7CD007B37CA /* InsertionSort.swift */,
			);
			path = "Insertion Sort";
			sourceTree = "<group>";
		};
		6AF578A826A2E7DE007B37CA /* Selection Sort */ = {
			isa = PBXGroup;
			children = (
				6AF578A926A2E7DE007B37CA /* SelectionSort.swift */,
			);
			path = "Selection Sort";
			sourceTree = "<group>";
		};
		6AF578AB26A2E7F0007B37CA /* Nth Fibonacci */ = {
			isa = PBXGroup;
			children = (
				6AF578AC26A2E7F0007B37CA /* NthFibonacci.swift */,
			);
			path = "Nth Fibonacci";
			sourceTree = "<group>";
		};
		6AF578AE26A2F440007B37CA /* Binary Search */ = {
			isa = PBXGroup;
			children = (
				6AF578AF26A2F44C007B37CA /* BinarySearch.swift */,
			);
			path = "Binary Search";
			sourceTree = "<group>";
		};
		6AF578B126A2F621007B37CA /* Product Sum */ = {
			isa = PBXGroup;
			children = (
				6AF578B226A2F62A007B37CA /* ProductSum.swift */,
			);
			path = "Product Sum";
			sourceTree = "<group>";
		};
		6AF578B426A34864007B37CA /* Class Photos */ = {
			isa = PBXGroup;
			children = (
				6AF578B526A34871007B37CA /* ClassPhotos.swift */,
			);
			path = "Class Photos";
			sourceTree = "<group>";
		};
		6AF578B726A34ACC007B37CA /* Tandem Bicycle */ = {
			isa = PBXGroup;
			children = (
				6AF578B826A34AD6007B37CA /* TandemBicycle.swift */,
			);
			path = "Tandem Bicycle";
			sourceTree = "<group>";
		};
		6AF578BA26A34C81007B37CA /* Remove Duplicates From Linked List */ = {
			isa = PBXGroup;
			children = (
				6AF578BB26A34C97007B37CA /* RemoveDuplicatesFromLinkedList.swift */,
			);
			path = "Remove Duplicates From Linked List";
			sourceTree = "<group>";
		};
		6AF578BD26A3506D007B37CA /* Palindrome Check */ = {
			isa = PBXGroup;
			children = (
				6AF578BE26A3507B007B37CA /* PalindromeCheck.swift */,
			);
			path = "Palindrome Check";
			sourceTree = "<group>";
		};
		6AF578C026A351E6007B37CA /* Caesar Cipher Encryptor */ = {
			isa = PBXGroup;
			children = (
				6AF578C126A351F6007B37CA /* CaesarCipherEncryptor.swift */,
			);
			path = "Caesar Cipher Encryptor";
			sourceTree = "<group>";
		};
		6AF578C326A35402007B37CA /* Find Three Largest Numbers */ = {
			isa = PBXGroup;
			children = (
				6AF578C426A35410007B37CA /* ThreeLargestNumbers.swift */,
			);
			path = "Find Three Largest Numbers";
			sourceTree = "<group>";
		};
		6AF578C626A35E6D007B37CA /* Generate Document */ = {
			isa = PBXGroup;
			children = (
				6AF578C726A35E79007B37CA /* GenerateDocument.swift */,
			);
			path = "Generate Document";
			sourceTree = "<group>";
		};
		6AF578C926A360B4007B37CA /* Run Length Encoding */ = {
			isa = PBXGroup;
			children = (
				6AF578CA26A360C4007B37CA /* RunLengthEncoding.swift */,
			);
			path = "Run Length Encoding";
			sourceTree = "<group>";
		};
		6AF578CC26A36A8C007B37CA /* First Non Repeating Character */ = {
			isa = PBXGroup;
			children = (
				6AF578CD26A36A9E007B37CA /* FirstNonRepeatingCharacter.swift */,
			);
			path = "First Non Repeating Character";
			sourceTree = "<group>";
		};
		6AF578D426A376C4007B37CA /* Algorithm Solutions In Swift Tests */ = {
			isa = PBXGroup;
			children = (
				6AF578D526A376C4007B37CA /* Algorithm_Solutions_In_Swift_Tests.swift */,
				6AF578DF26A3DF2C007B37CA /* ThreeNumberSumTests.swift */,
			);
			path = "Algorithm Solutions In Swift Tests";
			sourceTree = "<group>";
		};
		6AF578DB26A3DD81007B37CA /* Three Number Sum */ = {
			isa = PBXGroup;
			children = (
				6AF578DC26A3DD8F007B37CA /* ThreeNumberSum.swift */,
			);
			path = "Three Number Sum";
			sourceTree = "<group>";
		};
		6AF578E126A3E016007B37CA /* Smallest Difference */ = {
			isa = PBXGroup;
			children = (
				6AF578E226A3E024007B37CA /* SmallestDifference.swift */,
			);
			path = "Smallest Difference";
			sourceTree = "<group>";
		};
		6AF578E526A3E311007B37CA /* Move Element to End */ = {
			isa = PBXGroup;
			children = (
				6AF578E626A3E320007B37CA /* MoveElementToEnd.swift */,
			);
			path = "Move Element to End";
			sourceTree = "<group>";
		};
		6AF578E926A3E917007B37CA /* Monotonic Array */ = {
			isa = PBXGroup;
			children = (
				6AF578EA26A3E923007B37CA /* MonotonicArray.swift */,
			);
			path = "Monotonic Array";
			sourceTree = "<group>";
		};
		6AF578ED26A3EDAB007B37CA /* Array of Products */ = {
			isa = PBXGroup;
			children = (
				6AF578EE26A3EDCC007B37CA /* ArrayOfProducts.swift */,
			);
			path = "Array of Products";
			sourceTree = "<group>";
		};
		6AF578F126A4AEFA007B37CA /* Invert Binary Tree */ = {
			isa = PBXGroup;
			children = (
				6AF578F226A4AF2F007B37CA /* InvertBinaryTree.swift */,
			);
			path = "Invert Binary Tree";
			sourceTree = "<group>";
		};
		6AF578F526A4B1F7007B37CA /* BST Traversal */ = {
			isa = PBXGroup;
			children = (
				6AF578F626A4B207007B37CA /* BSTTraversal.swift */,
			);
			path = "BST Traversal";
			sourceTree = "<group>";
		};
		6AF578F926A4B674007B37CA /*  Breadth First Search */ = {
			isa = PBXGroup;
			children = (
				6AF578FA26A4B69F007B37CA /* BreadthFirstSearch.swift */,
			);
			path = " Breadth First Search";
			sourceTree = "<group>";
		};
		6AF578FE26A5ACA3007B37CA /* HackerRank */ = {
			isa = PBXGroup;
			children = (
				6AF5791B26A82AAF007B37CA /* Encryption */,
				6AF5791726A75649007B37CA /* Almost Sorted */,
				6AF5791326A74CBA007B37CA /* Count Pairs */,
				6AF5790F26A7449B007B37CA /* Tic Tac Toe Winner */,
				6AF5790B26A6EEB1007B37CA /* Bitwise AND */,
				6AF5790726A6E0EF007B37CA /* Binary Search Trees */,
				6AF5790326A6DC93007B37CA /* Larry's Array */,
				6AF578FF26A5ACB1007B37CA /* Extra Long Factorials */,
			);
			path = HackerRank;
			sourceTree = "<group>";
		};
		6AF578FF26A5ACB1007B37CA /* Extra Long Factorials */ = {
			isa = PBXGroup;
			children = (
				6AF5790026A5ACBD007B37CA /* ExtraLongFactorials.swift */,
			);
			path = "Extra Long Factorials";
			sourceTree = "<group>";
		};
		6AF5790326A6DC93007B37CA /* Larry's Array */ = {
			isa = PBXGroup;
			children = (
				6AF5790426A6DCA1007B37CA /* LarrysArray.swift */,
			);
			path = "Larry's Array";
			sourceTree = "<group>";
		};
		6AF5790726A6E0EF007B37CA /* Binary Search Trees */ = {
			isa = PBXGroup;
			children = (
				6AF5790826A6E0FC007B37CA /* BinarySearchTrees.swift */,
			);
			path = "Binary Search Trees";
			sourceTree = "<group>";
		};
		6AF5790B26A6EEB1007B37CA /* Bitwise AND */ = {
			isa = PBXGroup;
			children = (
				6AF5790C26A6EECD007B37CA /* BitwiseAND.swift */,
			);
			path = "Bitwise AND";
			sourceTree = "<group>";
		};
		6AF5790F26A7449B007B37CA /* Tic Tac Toe Winner */ = {
			isa = PBXGroup;
			children = (
				6AF5791026A744AC007B37CA /* TicTacToeWinner.swift */,
			);
			path = "Tic Tac Toe Winner";
			sourceTree = "<group>";
		};
		6AF5791326A74CBA007B37CA /* Count Pairs */ = {
			isa = PBXGroup;
			children = (
				6AF5791426A74CC6007B37CA /* CountPairs.swift */,
			);
			path = "Count Pairs";
			sourceTree = "<group>";
		};
		6AF5791726A75649007B37CA /* Almost Sorted */ = {
			isa = PBXGroup;
			children = (
				6AF5791826A75668007B37CA /* AlmostSorted.swift */,
			);
			path = "Almost Sorted";
			sourceTree = "<group>";
		};
		6AF5791B26A82AAF007B37CA /* Encryption */ = {
			isa = PBXGroup;
			children = (
				6AF5791C26A82ABE007B37CA /* Encryption.swift */,
			);
			path = Encryption;
			sourceTree = "<group>";
		};
		6AF5791F26A860DA007B37CA /* First Duplicate Value */ = {
			isa = PBXGroup;
			children = (
				6AF5792026A860E8007B37CA /* FirstDuplicateValue.swift */,
			);
			path = "First Duplicate Value";
			sourceTree = "<group>";
		};
		6AF5792326A8638B007B37CA /* Min Height BST */ = {
			isa = PBXGroup;
			children = (
				6AF5792426A863A6007B37CA /* MinHeightBST.swift */,
			);
			path = "Min Height BST";
			sourceTree = "<group>";
		};
		6AF5792726A9D7A6007B37CA /* Quick Sort */ = {
			isa = PBXGroup;
			children = (
				6AF5792826A9D7B3007B37CA /* QuickSort.swift */,
			);
			path = "Quick Sort";
			sourceTree = "<group>";
		};
		6AF5792B26A9E062007B37CA /* Find Loop in Linked List */ = {
			isa = PBXGroup;
			children = (
				6AF5792C26A9E06C007B37CA /* FindLoop.swift */,
			);
			path = "Find Loop in Linked List";
			sourceTree = "<group>";
		};
		6AF5792F26A9E0C9007B37CA /* Data Structures */ = {
			isa = PBXGroup;
			children = (
				6AF5793026A9E0D3007B37CA /* LinkedList.swift */,
				6AF5793326A9E11A007B37CA /* BinaryTree.swift */,
				6AF5793626A9E1DD007B37CA /* BinarySearchTree.swift */,
				6AF5793926A9E332007B37CA /* TypeAliases.swift */,
			);
			path = "Data Structures";
			sourceTree = "<group>";
		};
		6AF5793C26A9F5FC007B37CA /* Longest Peak */ = {
			isa = PBXGroup;
			children = (
				6AF5793D26A9F609007B37CA /* LongestPeak.swift */,
			);
			path = "Longest Peak";
			sourceTree = "<group>";
		};
		6AF5794026A9FF02007B37CA /* Single Cycle Check */ = {
			isa = PBXGroup;
			children = (
				6AF5794126A9FF10007B37CA /* SingleCycleCheck.swift */,
			);
			path = "Single Cycle Check";
			sourceTree = "<group>";
		};
		6AF5794426AA90F8007B37CA /* Spiral Traverse */ = {
			isa = PBXGroup;
			children = (
				6AF5794526AA9109007B37CA /* SpiralTraverse.swift */,
			);
			path = "Spiral Traverse";
			sourceTree = "<group>";
		};
		6AF5794826AAC03E007B37CA /* Merge Sort */ = {
			isa = PBXGroup;
			children = (
				6AF5794926AAC047007B37CA /* MergeSort.swift */,
			);
			path = "Merge Sort";
			sourceTree = "<group>";
		};
		6AF5794C26ABD327007B37CA /* BST Construction */ = {
			isa = PBXGroup;
			children = (
				6AF5794D26ABD338007B37CA /* BSTConstruction.swift */,
			);
			path = "BST Construction";
			sourceTree = "<group>";
		};
		6AF5795026ABF524007B37CA /* Validate BST */ = {
			isa = PBXGroup;
			children = (
				6AF5795126ABF532007B37CA /* ValidateBST.swift */,
			);
			path = "Validate BST";
			sourceTree = "<group>";
		};
		6AF5795426AC0FB9007B37CA /* Binary Tree Diameter */ = {
			isa = PBXGroup;
			children = (
				6AF5795526AC0FC9007B37CA /* BinaryTreeDiameter.swift */,
			);
			path = "Binary Tree Diameter";
			sourceTree = "<group>";
		};
		6AF5795826AC286C007B37CA /* Three Number Sort */ = {
			isa = PBXGroup;
			children = (
				6AF5795926AC2879007B37CA /* ThreeNumberSort.swift */,
			);
			path = "Three Number Sort";
			sourceTree = "<group>";
		};
		6AF5795C26AC2B8E007B37CA /* Linked List Construction */ = {
			isa = PBXGroup;
			children = (
				6AF5795D26AC2BA0007B37CA /* LinkedListConstruction.swift */,
			);
			path = "Linked List Construction";
			sourceTree = "<group>";
		};
/* End PBXGroup section */

/* Begin PBXNativeTarget section */
		6AF5787826A2E60E007B37CA /* Algorithm Solutions In Swift */ = {
			isa = PBXNativeTarget;
			buildConfigurationList = 6AF5788026A2E60E007B37CA /* Build configuration list for PBXNativeTarget "Algorithm Solutions In Swift" */;
			buildPhases = (
				6AF5787526A2E60E007B37CA /* Sources */,
				6AF5787626A2E60E007B37CA /* Frameworks */,
				6AF5787726A2E60E007B37CA /* CopyFiles */,
			);
			buildRules = (
			);
			dependencies = (
			);
			name = "Algorithm Solutions In Swift";
			productName = "Algorithm Solutions In Swift";
			productReference = 6AF5787926A2E60E007B37CA /* Algorithm Solutions In Swift */;
			productType = "com.apple.product-type.tool";
		};
		6AF578D226A376C4007B37CA /* Algorithm Solutions In Swift Tests */ = {
			isa = PBXNativeTarget;
			buildConfigurationList = 6AF578D726A376C4007B37CA /* Build configuration list for PBXNativeTarget "Algorithm Solutions In Swift Tests" */;
			buildPhases = (
				6AF578CF26A376C4007B37CA /* Sources */,
				6AF578D026A376C4007B37CA /* Frameworks */,
				6AF578D126A376C4007B37CA /* Resources */,
			);
			buildRules = (
			);
			dependencies = (
			);
			name = "Algorithm Solutions In Swift Tests";
			productName = "Algorithm Solutions In Swift Tests";
			productReference = 6AF578D326A376C4007B37CA /* Algorithm Solutions In Swift Tests.xctest */;
			productType = "com.apple.product-type.bundle.unit-test";
		};
/* End PBXNativeTarget section */

/* Begin PBXProject section */
		6AF5787126A2E60E007B37CA /* Project object */ = {
			isa = PBXProject;
			attributes = {
				BuildIndependentTargetsInParallel = 1;
				LastSwiftUpdateCheck = 1300;
				LastUpgradeCheck = 1300;
				TargetAttributes = {
					6AF5787826A2E60E007B37CA = {
						CreatedOnToolsVersion = 13.0;
					};
					6AF578D226A376C4007B37CA = {
						CreatedOnToolsVersion = 13.0;
					};
				};
			};
			buildConfigurationList = 6AF5787426A2E60E007B37CA /* Build configuration list for PBXProject "Algorithm Solutions In Swift" */;
			compatibilityVersion = "Xcode 13.0";
			developmentRegion = en;
			hasScannedForEncodings = 0;
			knownRegions = (
				en,
				Base,
			);
			mainGroup = 6AF5787026A2E60E007B37CA;
			productRefGroup = 6AF5787A26A2E60E007B37CA /* Products */;
			projectDirPath = "";
			projectRoot = "";
			targets = (
				6AF5787826A2E60E007B37CA /* Algorithm Solutions In Swift */,
				6AF578D226A376C4007B37CA /* Algorithm Solutions In Swift Tests */,
			);
		};
/* End PBXProject section */

/* Begin PBXResourcesBuildPhase section */
		6AF578D126A376C4007B37CA /* Resources */ = {
			isa = PBXResourcesBuildPhase;
			buildActionMask = 2147483647;
			files = (
			);
			runOnlyForDeploymentPostprocessing = 0;
		};
/* End PBXResourcesBuildPhase section */

/* Begin PBXSourcesBuildPhase section */
		6AF5787526A2E60E007B37CA /* Sources */ = {
			isa = PBXSourcesBuildPhase;
			buildActionMask = 2147483647;
			files = (
				6AF578F726A4B207007B37CA /* BSTTraversal.swift in Sources */,
				6AF5789B26A2E73A007B37CA /* NodeDpeths.swift in Sources */,
				6AF578C526A35410007B37CA /* ThreeLargestNumbers.swift in Sources */,
				6AF5790D26A6EECD007B37CA /* BitwiseAND.swift in Sources */,
				6AF578EB26A3E923007B37CA /* MonotonicArray.swift in Sources */,
				6AE51D3526B3343A00102A7C /* RemoveKthNodeFromEnd.swift in Sources */,
				6AF5794626AA9109007B37CA /* SpiralTraverse.swift in Sources */,
				6AF5790526A6DCA1007B37CA /* LarrysArray.swift in Sources */,
				6AF5795226ABF532007B37CA /* ValidateBST.swift in Sources */,
				6AF5791D26A82ABE007B37CA /* Encryption.swift in Sources */,
				6AF578DD26A3DD8F007B37CA /* ThreeNumberSum.swift in Sources */,
				6AF578E326A3E024007B37CA /* SmallestDifference.swift in Sources */,
				6AF578E726A3E320007B37CA /* MoveElementToEnd.swift in Sources */,
				6AF5789526A2E711007B37CA /* FindClosestValueInBST.swift in Sources */,
				6AF5791126A744AC007B37CA /* TicTacToeWinner.swift in Sources */,
				6AF578AA26A2E7DE007B37CA /* SelectionSort.swift in Sources */,
				6AF578B626A34871007B37CA /* ClassPhotos.swift in Sources */,
				6AF578A126A2E7A7007B37CA /* MinimumWaitingTime.swift in Sources */,
				6AF5793126A9E0D3007B37CA /* LinkedList.swift in Sources */,
				6AF5789E26A2E74D007B37CA /* DepthFirstSearch.swift in Sources */,
				6AF578BF26A3507B007B37CA /* PalindromeCheck.swift in Sources */,
				6AF578B926A34AD6007B37CA /* TandemBicycle.swift in Sources */,
				6AF578AD26A2E7F0007B37CA /* NthFibonacci.swift in Sources */,
				6AF5789826A2E728007B37CA /* BranchSums.swift in Sources */,
				6AF5791526A74CC6007B37CA /* CountPairs.swift in Sources */,
				6AF5791926A75668007B37CA /* AlmostSorted.swift in Sources */,
				6AF5794A26AAC047007B37CA /* MergeSort.swift in Sources */,
				6AF578C826A35E79007B37CA /* GenerateDocument.swift in Sources */,
				6AF5793726A9E1DD007B37CA /* BinarySearchTree.swift in Sources */,
				6AF5792526A863A6007B37CA /* MinHeightBST.swift in Sources */,
				6AF5792D26A9E06C007B37CA /* FindLoop.swift in Sources */,
				6AF578CE26A36A9E007B37CA /* FirstNonRepeatingCharacter.swift in Sources */,
				6AF578EF26A3EDCC007B37CA /* ArrayOfProducts.swift in Sources */,
				6AF5788C26A2E6C0007B37CA /* SortedSquaredArray.swift in Sources */,
				6AF578B026A2F44C007B37CA /* BinarySearch.swift in Sources */,
				6AF5789226A2E6F6007B37CA /* NonConstructibleChange.swift in Sources */,
				6AF5787D26A2E60E007B37CA /* main.swift in Sources */,
				6AF5793426A9E11A007B37CA /* BinaryTree.swift in Sources */,
				6AF5793E26A9F609007B37CA /* LongestPeak.swift in Sources */,
				6AF5788926A2E6A4007B37CA /* ValidateSubsequence.swift in Sources */,
				6AF5792926A9D7B3007B37CA /* QuickSort.swift in Sources */,
				6AF5794226A9FF10007B37CA /* SingleCycleCheck.swift in Sources */,
				6AF5788F26A2E6D7007B37CA /* TournamentWinner.swift in Sources */,
				6AF5792126A860E8007B37CA /* FirstDuplicateValue.swift in Sources */,
				6AF5793A26A9E332007B37CA /* TypeAliases.swift in Sources */,
				6AF5795E26AC2BA0007B37CA /* LinkedListConstruction.swift in Sources */,
				6AF578FB26A4B69F007B37CA /* BreadthFirstSearch.swift in Sources */,
				6AE51D3126B31D0300102A7C /* MaxSumNoAdjacent.swift in Sources */,
				6AF578C226A351F6007B37CA /* CaesarCipherEncryptor.swift in Sources */,
				6AF578CB26A360C4007B37CA /* RunLengthEncoding.swift in Sources */,
				6AF5794E26ABD338007B37CA /* BSTConstruction.swift in Sources */,
				6AF578B326A2F62A007B37CA /* ProductSum.swift in Sources */,
				6AF578A726A2E7CD007B37CA /* InsertionSort.swift in Sources */,
				6AF5788626A2E67F007B37CA /* TwoNumberSum.swift in Sources */,
				6AF5790926A6E0FC007B37CA /* BinarySearchTrees.swift in Sources */,
				6AF578BC26A34C97007B37CA /* RemoveDuplicatesFromLinkedList.swift in Sources */,
				6AF5795A26AC287A007B37CA /* ThreeNumberSort.swift in Sources */,
				6AF5790126A5ACBD007B37CA /* ExtraLongFactorials.swift in Sources */,
				6AF578F326A4AF2F007B37CA /* InvertBinaryTree.swift in Sources */,
				6AE51D2D26B2996A00102A7C /* FindSuccessor.swift in Sources */,
				6AF5795626AC0FC9007B37CA /* BinaryTreeDiameter.swift in Sources */,
				6AF578A426A2E7BC007B37CA /* BubbleSort.swift in Sources */,
			);
			runOnlyForDeploymentPostprocessing = 0;
		};
		6AF578CF26A376C4007B37CA /* Sources */ = {
			isa = PBXSourcesBuildPhase;
			buildActionMask = 2147483647;
			files = (
				6AF5792226A860E8007B37CA /* FirstDuplicateValue.swift in Sources */,
				6AE51D3226B31D0300102A7C /* MaxSumNoAdjacent.swift in Sources */,
				6AF5795F26AC2BA0007B37CA /* LinkedListConstruction.swift in Sources */,
				6AF5792E26A9E06C007B37CA /* FindLoop.swift in Sources */,
				6AF5795B26AC287A007B37CA /* ThreeNumberSort.swift in Sources */,
				6AF578F026A3EDCC007B37CA /* ArrayOfProducts.swift in Sources */,
				6AE51D3626B3343A00102A7C /* RemoveKthNodeFromEnd.swift in Sources */,
				6AF5793B26A9E332007B37CA /* TypeAliases.swift in Sources */,
				6AF5794F26ABD338007B37CA /* BSTConstruction.swift in Sources */,
				6AF5795326ABF532007B37CA /* ValidateBST.swift in Sources */,
				6AF578F426A4AF2F007B37CA /* InvertBinaryTree.swift in Sources */,
				6AF5790626A6DCA1007B37CA /* LarrysArray.swift in Sources */,
				6AF5791226A744AD007B37CA /* TicTacToeWinner.swift in Sources */,
				6AF5793226A9E0D3007B37CA /* LinkedList.swift in Sources */,
				6AE51D2E26B2996A00102A7C /* FindSuccessor.swift in Sources */,
				6AF5794726AA9109007B37CA /* SpiralTraverse.swift in Sources */,
				6AF5790E26A6EECD007B37CA /* BitwiseAND.swift in Sources */,
				6AF5794B26AAC047007B37CA /* MergeSort.swift in Sources */,
				6AF578F826A4B207007B37CA /* BSTTraversal.swift in Sources */,
				6AF578E826A3E320007B37CA /* MoveElementToEnd.swift in Sources */,
				6AF5792626A863A6007B37CA /* MinHeightBST.swift in Sources */,
				6AF5790226A5ACBD007B37CA /* ExtraLongFactorials.swift in Sources */,
				6AF5793526A9E11A007B37CA /* BinaryTree.swift in Sources */,
				6AF578D626A376C4007B37CA /* Algorithm_Solutions_In_Swift_Tests.swift in Sources */,
				6AF578E026A3DF2C007B37CA /* ThreeNumberSumTests.swift in Sources */,
				6AF5790A26A6E0FC007B37CA /* BinarySearchTrees.swift in Sources */,
				6AF5793F26A9F609007B37CA /* LongestPeak.swift in Sources */,
				6AF5791E26A82ABE007B37CA /* Encryption.swift in Sources */,
				6AF578DA26A378F0007B37CA /* BubbleSort.swift in Sources */,
				6AF5794326A9FF10007B37CA /* SingleCycleCheck.swift in Sources */,
				6AF5793826A9E1DD007B37CA /* BinarySearchTree.swift in Sources */,
				6AF5792A26A9D7B3007B37CA /* QuickSort.swift in Sources */,
				6AF5791A26A75668007B37CA /* AlmostSorted.swift in Sources */,
				6AF578DE26A3DD8F007B37CA /* ThreeNumberSum.swift in Sources */,
				6AF5795726AC0FC9007B37CA /* BinaryTreeDiameter.swift in Sources */,
				6AF578EC26A3E923007B37CA /* MonotonicArray.swift in Sources */,
				6AF578E426A3E024007B37CA /* SmallestDifference.swift in Sources */,
				6AF5791626A74CC6007B37CA /* CountPairs.swift in Sources */,
				6AF578FC26A4B69F007B37CA /* BreadthFirstSearch.swift in Sources */,
			);
			runOnlyForDeploymentPostprocessing = 0;
		};
/* End PBXSourcesBuildPhase section */

/* Begin XCBuildConfiguration section */
		6AF5787E26A2E60E007B37CA /* Debug */ = {
			isa = XCBuildConfiguration;
			buildSettings = {
				ALWAYS_SEARCH_USER_PATHS = NO;
				CLANG_ANALYZER_NONNULL = YES;
				CLANG_ANALYZER_NUMBER_OBJECT_CONVERSION = YES_AGGRESSIVE;
				CLANG_CXX_LANGUAGE_STANDARD = "gnu++14";
				CLANG_CXX_LIBRARY = "libc++";
				CLANG_ENABLE_MODULES = YES;
				CLANG_ENABLE_OBJC_ARC = YES;
				CLANG_ENABLE_OBJC_WEAK = YES;
				CLANG_WARN_BLOCK_CAPTURE_AUTORELEASING = YES;
				CLANG_WARN_BOOL_CONVERSION = YES;
				CLANG_WARN_COMMA = YES;
				CLANG_WARN_CONSTANT_CONVERSION = YES;
				CLANG_WARN_DEPRECATED_OBJC_IMPLEMENTATIONS = YES;
				CLANG_WARN_DIRECT_OBJC_ISA_USAGE = YES_ERROR;
				CLANG_WARN_DOCUMENTATION_COMMENTS = YES;
				CLANG_WARN_EMPTY_BODY = YES;
				CLANG_WARN_ENUM_CONVERSION = YES;
				CLANG_WARN_INFINITE_RECURSION = YES;
				CLANG_WARN_INT_CONVERSION = YES;
				CLANG_WARN_NON_LITERAL_NULL_CONVERSION = YES;
				CLANG_WARN_OBJC_IMPLICIT_RETAIN_SELF = YES;
				CLANG_WARN_OBJC_LITERAL_CONVERSION = YES;
				CLANG_WARN_OBJC_ROOT_CLASS = YES_ERROR;
				CLANG_WARN_QUOTED_INCLUDE_IN_FRAMEWORK_HEADER = YES;
				CLANG_WARN_RANGE_LOOP_ANALYSIS = YES;
				CLANG_WARN_STRICT_PROTOTYPES = YES;
				CLANG_WARN_SUSPICIOUS_MOVE = YES;
				CLANG_WARN_UNGUARDED_AVAILABILITY = YES_AGGRESSIVE;
				CLANG_WARN_UNREACHABLE_CODE = YES;
				CLANG_WARN__DUPLICATE_METHOD_MATCH = YES;
				COPY_PHASE_STRIP = NO;
				DEBUG_INFORMATION_FORMAT = dwarf;
				ENABLE_STRICT_OBJC_MSGSEND = YES;
				ENABLE_TESTABILITY = YES;
				GCC_C_LANGUAGE_STANDARD = gnu11;
				GCC_DYNAMIC_NO_PIC = NO;
				GCC_NO_COMMON_BLOCKS = YES;
				GCC_OPTIMIZATION_LEVEL = 0;
				GCC_PREPROCESSOR_DEFINITIONS = (
					"DEBUG=1",
					"$(inherited)",
				);
				GCC_WARN_64_TO_32_BIT_CONVERSION = YES;
				GCC_WARN_ABOUT_RETURN_TYPE = YES_ERROR;
				GCC_WARN_UNDECLARED_SELECTOR = YES;
				GCC_WARN_UNINITIALIZED_AUTOS = YES_AGGRESSIVE;
				GCC_WARN_UNUSED_FUNCTION = YES;
				GCC_WARN_UNUSED_VARIABLE = YES;
				MACOSX_DEPLOYMENT_TARGET = 11.4;
				MTL_ENABLE_DEBUG_INFO = INCLUDE_SOURCE;
				MTL_FAST_MATH = YES;
				ONLY_ACTIVE_ARCH = YES;
				SDKROOT = macosx;
				SWIFT_ACTIVE_COMPILATION_CONDITIONS = DEBUG;
				SWIFT_OPTIMIZATION_LEVEL = "-Onone";
			};
			name = Debug;
		};
		6AF5787F26A2E60E007B37CA /* Release */ = {
			isa = XCBuildConfiguration;
			buildSettings = {
				ALWAYS_SEARCH_USER_PATHS = NO;
				CLANG_ANALYZER_NONNULL = YES;
				CLANG_ANALYZER_NUMBER_OBJECT_CONVERSION = YES_AGGRESSIVE;
				CLANG_CXX_LANGUAGE_STANDARD = "gnu++14";
				CLANG_CXX_LIBRARY = "libc++";
				CLANG_ENABLE_MODULES = YES;
				CLANG_ENABLE_OBJC_ARC = YES;
				CLANG_ENABLE_OBJC_WEAK = YES;
				CLANG_WARN_BLOCK_CAPTURE_AUTORELEASING = YES;
				CLANG_WARN_BOOL_CONVERSION = YES;
				CLANG_WARN_COMMA = YES;
				CLANG_WARN_CONSTANT_CONVERSION = YES;
				CLANG_WARN_DEPRECATED_OBJC_IMPLEMENTATIONS = YES;
				CLANG_WARN_DIRECT_OBJC_ISA_USAGE = YES_ERROR;
				CLANG_WARN_DOCUMENTATION_COMMENTS = YES;
				CLANG_WARN_EMPTY_BODY = YES;
				CLANG_WARN_ENUM_CONVERSION = YES;
				CLANG_WARN_INFINITE_RECURSION = YES;
				CLANG_WARN_INT_CONVERSION = YES;
				CLANG_WARN_NON_LITERAL_NULL_CONVERSION = YES;
				CLANG_WARN_OBJC_IMPLICIT_RETAIN_SELF = YES;
				CLANG_WARN_OBJC_LITERAL_CONVERSION = YES;
				CLANG_WARN_OBJC_ROOT_CLASS = YES_ERROR;
				CLANG_WARN_QUOTED_INCLUDE_IN_FRAMEWORK_HEADER = YES;
				CLANG_WARN_RANGE_LOOP_ANALYSIS = YES;
				CLANG_WARN_STRICT_PROTOTYPES = YES;
				CLANG_WARN_SUSPICIOUS_MOVE = YES;
				CLANG_WARN_UNGUARDED_AVAILABILITY = YES_AGGRESSIVE;
				CLANG_WARN_UNREACHABLE_CODE = YES;
				CLANG_WARN__DUPLICATE_METHOD_MATCH = YES;
				COPY_PHASE_STRIP = NO;
				DEBUG_INFORMATION_FORMAT = "dwarf-with-dsym";
				ENABLE_NS_ASSERTIONS = NO;
				ENABLE_STRICT_OBJC_MSGSEND = YES;
				GCC_C_LANGUAGE_STANDARD = gnu11;
				GCC_NO_COMMON_BLOCKS = YES;
				GCC_WARN_64_TO_32_BIT_CONVERSION = YES;
				GCC_WARN_ABOUT_RETURN_TYPE = YES_ERROR;
				GCC_WARN_UNDECLARED_SELECTOR = YES;
				GCC_WARN_UNINITIALIZED_AUTOS = YES_AGGRESSIVE;
				GCC_WARN_UNUSED_FUNCTION = YES;
				GCC_WARN_UNUSED_VARIABLE = YES;
				MACOSX_DEPLOYMENT_TARGET = 11.4;
				MTL_ENABLE_DEBUG_INFO = NO;
				MTL_FAST_MATH = YES;
				SDKROOT = macosx;
				SWIFT_COMPILATION_MODE = wholemodule;
				SWIFT_OPTIMIZATION_LEVEL = "-O";
			};
			name = Release;
		};
		6AF5788126A2E60E007B37CA /* Debug */ = {
			isa = XCBuildConfiguration;
			buildSettings = {
				CODE_SIGN_STYLE = Automatic;
				DEVELOPMENT_TEAM = DD9M264MPY;
				ENABLE_HARDENED_RUNTIME = YES;
				PRODUCT_NAME = "$(TARGET_NAME)";
				SWIFT_VERSION = 5.0;
			};
			name = Debug;
		};
		6AF5788226A2E60E007B37CA /* Release */ = {
			isa = XCBuildConfiguration;
			buildSettings = {
				CODE_SIGN_STYLE = Automatic;
				DEVELOPMENT_TEAM = DD9M264MPY;
				ENABLE_HARDENED_RUNTIME = YES;
				PRODUCT_NAME = "$(TARGET_NAME)";
				SWIFT_VERSION = 5.0;
			};
			name = Release;
		};
		6AF578D826A376C4007B37CA /* Debug */ = {
			isa = XCBuildConfiguration;
			buildSettings = {
				CODE_SIGN_STYLE = Automatic;
				COMBINE_HIDPI_IMAGES = YES;
				CURRENT_PROJECT_VERSION = 1;
				DEVELOPMENT_TEAM = DD9M264MPY;
				GENERATE_INFOPLIST_FILE = YES;
				LD_RUNPATH_SEARCH_PATHS = (
					"$(inherited)",
					"@executable_path/../Frameworks",
					"@loader_path/../Frameworks",
				);
				MARKETING_VERSION = 1.0;
				PRODUCT_BUNDLE_IDENTIFIER = "Algorithm-Solutions-In-Swift.Algorithm-Solutions-In-Swift-Tests";
				PRODUCT_NAME = "$(TARGET_NAME)";
				SWIFT_EMIT_LOC_STRINGS = NO;
				SWIFT_VERSION = 5.0;
			};
			name = Debug;
		};
		6AF578D926A376C4007B37CA /* Release */ = {
			isa = XCBuildConfiguration;
			buildSettings = {
				CODE_SIGN_STYLE = Automatic;
				COMBINE_HIDPI_IMAGES = YES;
				CURRENT_PROJECT_VERSION = 1;
				DEVELOPMENT_TEAM = DD9M264MPY;
				GENERATE_INFOPLIST_FILE = YES;
				LD_RUNPATH_SEARCH_PATHS = (
					"$(inherited)",
					"@executable_path/../Frameworks",
					"@loader_path/../Frameworks",
				);
				MARKETING_VERSION = 1.0;
				PRODUCT_BUNDLE_IDENTIFIER = "Algorithm-Solutions-In-Swift.Algorithm-Solutions-In-Swift-Tests";
				PRODUCT_NAME = "$(TARGET_NAME)";
				SWIFT_EMIT_LOC_STRINGS = NO;
				SWIFT_VERSION = 5.0;
			};
			name = Release;
		};
/* End XCBuildConfiguration section */

/* Begin XCConfigurationList section */
		6AF5787426A2E60E007B37CA /* Build configuration list for PBXProject "Algorithm Solutions In Swift" */ = {
			isa = XCConfigurationList;
			buildConfigurations = (
				6AF5787E26A2E60E007B37CA /* Debug */,
				6AF5787F26A2E60E007B37CA /* Release */,
			);
			defaultConfigurationIsVisible = 0;
			defaultConfigurationName = Release;
		};
		6AF5788026A2E60E007B37CA /* Build configuration list for PBXNativeTarget "Algorithm Solutions In Swift" */ = {
			isa = XCConfigurationList;
			buildConfigurations = (
				6AF5788126A2E60E007B37CA /* Debug */,
				6AF5788226A2E60E007B37CA /* Release */,
			);
			defaultConfigurationIsVisible = 0;
			defaultConfigurationName = Release;
		};
		6AF578D726A376C4007B37CA /* Build configuration list for PBXNativeTarget "Algorithm Solutions In Swift Tests" */ = {
			isa = XCConfigurationList;
			buildConfigurations = (
				6AF578D826A376C4007B37CA /* Debug */,
				6AF578D926A376C4007B37CA /* Release */,
			);
			defaultConfigurationIsVisible = 0;
			defaultConfigurationName = Release;
		};
/* End XCConfigurationList section */
	};
	rootObject = 6AF5787126A2E60E007B37CA /* Project object */;
}
