// !$*UTF8*$!
{
	archiveVersion = 1;
	classes = {
	};
	objectVersion = 55;
	objects = {

/* Begin PBXBuildFile section */
		6AF5787D26A2E60E007B37CA /* main.swift in Sources */ = {isa = PBXBuildFile; fileRef = 6AF5787C26A2E60E007B37CA /* main.swift */; };
		6AF5788626A2E67F007B37CA /* TwoNumberSum.swift in Sources */ = {isa = PBXBuildFile; fileRef = 6AF5788526A2E67F007B37CA /* TwoNumberSum.swift */; };
		6AF5788926A2E6A4007B37CA /* ValidateSubsequence.swift in Sources */ = {isa = PBXBuildFile; fileRef = 6AF5788826A2E6A4007B37CA /* ValidateSubsequence.swift */; };
		6AF5788C26A2E6C0007B37CA /* SortedSquaredArray.swift in Sources */ = {isa = PBXBuildFile; fileRef = 6AF5788B26A2E6C0007B37CA /* SortedSquaredArray.swift */; };
		6AF5788F26A2E6D7007B37CA /* TournamentWinner.swift in Sources */ = {isa = PBXBuildFile; fileRef = 6AF5788E26A2E6D7007B37CA /* TournamentWinner.swift */; };
		6AF5789226A2E6F6007B37CA /* NonConstructibleChange.swift in Sources */ = {isa = PBXBuildFile; fileRef = 6AF5789126A2E6F6007B37CA /* NonConstructibleChange.swift */; };
		6AF5789526A2E711007B37CA /* FindClosestValueInBST.swift in Sources */ = {isa = PBXBuildFile; fileRef = 6AF5789426A2E711007B37CA /* FindClosestValueInBST.swift */; };
		6AF5789826A2E728007B37CA /* BranchSums.swift in Sources */ = {isa = PBXBuildFile; fileRef = 6AF5789726A2E728007B37CA /* BranchSums.swift */; };
		6AF5789B26A2E73A007B37CA /* NodeDpeths.swift in Sources */ = {isa = PBXBuildFile; fileRef = 6AF5789A26A2E73A007B37CA /* NodeDpeths.swift */; };
		6AF5789E26A2E74D007B37CA /* DepthFirstSearch.swift in Sources */ = {isa = PBXBuildFile; fileRef = 6AF5789D26A2E74D007B37CA /* DepthFirstSearch.swift */; };
		6AF578A126A2E7A7007B37CA /* MinimumWaitingTime.swift in Sources */ = {isa = PBXBuildFile; fileRef = 6AF578A026A2E7A7007B37CA /* MinimumWaitingTime.swift */; };
		6AF578A426A2E7BC007B37CA /* BubbleSort.swift in Sources */ = {isa = PBXBuildFile; fileRef = 6AF578A326A2E7BC007B37CA /* BubbleSort.swift */; };
		6AF578A726A2E7CD007B37CA /* InsertionSort.swift in Sources */ = {isa = PBXBuildFile; fileRef = 6AF578A626A2E7CD007B37CA /* InsertionSort.swift */; };
		6AF578AA26A2E7DE007B37CA /* SelectionSort.swift in Sources */ = {isa = PBXBuildFile; fileRef = 6AF578A926A2E7DE007B37CA /* SelectionSort.swift */; };
		6AF578AD26A2E7F0007B37CA /* NthFibonacci.swift in Sources */ = {isa = PBXBuildFile; fileRef = 6AF578AC26A2E7F0007B37CA /* NthFibonacci.swift */; };
		6AF578B026A2F44C007B37CA /* BinarySearch.swift in Sources */ = {isa = PBXBuildFile; fileRef = 6AF578AF26A2F44C007B37CA /* BinarySearch.swift */; };
		6AF578B326A2F62A007B37CA /* ProductSum.swift in Sources */ = {isa = PBXBuildFile; fileRef = 6AF578B226A2F62A007B37CA /* ProductSum.swift */; };
		6AF578B626A34871007B37CA /* ClassPhotos.swift in Sources */ = {isa = PBXBuildFile; fileRef = 6AF578B526A34871007B37CA /* ClassPhotos.swift */; };
		6AF578B926A34AD6007B37CA /* TandemBicycle.swift in Sources */ = {isa = PBXBuildFile; fileRef = 6AF578B826A34AD6007B37CA /* TandemBicycle.swift */; };
/* End PBXBuildFile section */

/* Begin PBXCopyFilesBuildPhase section */
		6AF5787726A2E60E007B37CA /* CopyFiles */ = {
			isa = PBXCopyFilesBuildPhase;
			buildActionMask = 2147483647;
			dstPath = /usr/share/man/man1/;
			dstSubfolderSpec = 0;
			files = (
			);
			runOnlyForDeploymentPostprocessing = 1;
		};
/* End PBXCopyFilesBuildPhase section */

/* Begin PBXFileReference section */
		6AF5787926A2E60E007B37CA /* Algorithm Solutions In Swift */ = {isa = PBXFileReference; explicitFileType = "compiled.mach-o.executable"; includeInIndex = 0; path = "Algorithm Solutions In Swift"; sourceTree = BUILT_PRODUCTS_DIR; };
		6AF5787C26A2E60E007B37CA /* main.swift */ = {isa = PBXFileReference; lastKnownFileType = sourcecode.swift; path = main.swift; sourceTree = "<group>"; };
		6AF5788526A2E67F007B37CA /* TwoNumberSum.swift */ = {isa = PBXFileReference; fileEncoding = 4; lastKnownFileType = sourcecode.swift; path = TwoNumberSum.swift; sourceTree = "<group>"; };
		6AF5788826A2E6A4007B37CA /* ValidateSubsequence.swift */ = {isa = PBXFileReference; fileEncoding = 4; lastKnownFileType = sourcecode.swift; path = ValidateSubsequence.swift; sourceTree = "<group>"; };
		6AF5788B26A2E6C0007B37CA /* SortedSquaredArray.swift */ = {isa = PBXFileReference; fileEncoding = 4; lastKnownFileType = sourcecode.swift; path = SortedSquaredArray.swift; sourceTree = "<group>"; };
		6AF5788E26A2E6D7007B37CA /* TournamentWinner.swift */ = {isa = PBXFileReference; fileEncoding = 4; lastKnownFileType = sourcecode.swift; path = TournamentWinner.swift; sourceTree = "<group>"; };
		6AF5789126A2E6F6007B37CA /* NonConstructibleChange.swift */ = {isa = PBXFileReference; fileEncoding = 4; lastKnownFileType = sourcecode.swift; path = NonConstructibleChange.swift; sourceTree = "<group>"; };
		6AF5789426A2E711007B37CA /* FindClosestValueInBST.swift */ = {isa = PBXFileReference; fileEncoding = 4; lastKnownFileType = sourcecode.swift; path = FindClosestValueInBST.swift; sourceTree = "<group>"; };
		6AF5789726A2E728007B37CA /* BranchSums.swift */ = {isa = PBXFileReference; fileEncoding = 4; lastKnownFileType = sourcecode.swift; path = BranchSums.swift; sourceTree = "<group>"; };
		6AF5789A26A2E73A007B37CA /* NodeDpeths.swift */ = {isa = PBXFileReference; fileEncoding = 4; lastKnownFileType = sourcecode.swift; path = NodeDpeths.swift; sourceTree = "<group>"; };
		6AF5789D26A2E74D007B37CA /* DepthFirstSearch.swift */ = {isa = PBXFileReference; fileEncoding = 4; lastKnownFileType = sourcecode.swift; path = DepthFirstSearch.swift; sourceTree = "<group>"; };
		6AF578A026A2E7A7007B37CA /* MinimumWaitingTime.swift */ = {isa = PBXFileReference; fileEncoding = 4; lastKnownFileType = sourcecode.swift; path = MinimumWaitingTime.swift; sourceTree = "<group>"; };
		6AF578A326A2E7BC007B37CA /* BubbleSort.swift */ = {isa = PBXFileReference; fileEncoding = 4; lastKnownFileType = sourcecode.swift; path = BubbleSort.swift; sourceTree = "<group>"; };
		6AF578A626A2E7CD007B37CA /* InsertionSort.swift */ = {isa = PBXFileReference; fileEncoding = 4; lastKnownFileType = sourcecode.swift; path = InsertionSort.swift; sourceTree = "<group>"; };
		6AF578A926A2E7DE007B37CA /* SelectionSort.swift */ = {isa = PBXFileReference; fileEncoding = 4; lastKnownFileType = sourcecode.swift; path = SelectionSort.swift; sourceTree = "<group>"; };
		6AF578AC26A2E7F0007B37CA /* NthFibonacci.swift */ = {isa = PBXFileReference; fileEncoding = 4; lastKnownFileType = sourcecode.swift; path = NthFibonacci.swift; sourceTree = "<group>"; };
		6AF578AF26A2F44C007B37CA /* BinarySearch.swift */ = {isa = PBXFileReference; lastKnownFileType = sourcecode.swift; path = BinarySearch.swift; sourceTree = "<group>"; };
		6AF578B226A2F62A007B37CA /* ProductSum.swift */ = {isa = PBXFileReference; lastKnownFileType = sourcecode.swift; path = ProductSum.swift; sourceTree = "<group>"; };
		6AF578B526A34871007B37CA /* ClassPhotos.swift */ = {isa = PBXFileReference; lastKnownFileType = sourcecode.swift; path = ClassPhotos.swift; sourceTree = "<group>"; };
		6AF578B826A34AD6007B37CA /* TandemBicycle.swift */ = {isa = PBXFileReference; lastKnownFileType = sourcecode.swift; path = TandemBicycle.swift; sourceTree = "<group>"; };
/* End PBXFileReference section */

/* Begin PBXFrameworksBuildPhase section */
		6AF5787626A2E60E007B37CA /* Frameworks */ = {
			isa = PBXFrameworksBuildPhase;
			buildActionMask = 2147483647;
			files = (
			);
			runOnlyForDeploymentPostprocessing = 0;
		};
/* End PBXFrameworksBuildPhase section */

/* Begin PBXGroup section */
		6AF5787026A2E60E007B37CA = {
			isa = PBXGroup;
			children = (
				6AF5788326A2E674007B37CA /* AlgoExpert */,
				6AF5787B26A2E60E007B37CA /* Algorithm Solutions In Swift */,
				6AF5787A26A2E60E007B37CA /* Products */,
			);
			sourceTree = "<group>";
		};
		6AF5787A26A2E60E007B37CA /* Products */ = {
			isa = PBXGroup;
			children = (
				6AF5787926A2E60E007B37CA /* Algorithm Solutions In Swift */,
			);
			name = Products;
			sourceTree = "<group>";
		};
		6AF5787B26A2E60E007B37CA /* Algorithm Solutions In Swift */ = {
			isa = PBXGroup;
			children = (
				6AF5787C26A2E60E007B37CA /* main.swift */,
			);
			path = "Algorithm Solutions In Swift";
			sourceTree = "<group>";
		};
		6AF5788326A2E674007B37CA /* AlgoExpert */ = {
			isa = PBXGroup;
			children = (
				6AF578B726A34ACC007B37CA /* Tandem Bicycle */,
				6AF578B426A34864007B37CA /* Class Photos */,
				6AF578B126A2F621007B37CA /* Product Sum */,
				6AF578AE26A2F440007B37CA /* Binary Search */,
				6AF578AB26A2E7F0007B37CA /* Nth Fibonacci */,
				6AF578A826A2E7DE007B37CA /* Selection Sort */,
				6AF578A526A2E7CD007B37CA /* Insertion Sort */,
				6AF578A226A2E7BC007B37CA /* Bubble Sort */,
				6AF5789F26A2E7A7007B37CA /* Minimum Waiting Time */,
				6AF5789C26A2E74D007B37CA /* Depth First Search */,
				6AF5789926A2E73A007B37CA /* Node Depths */,
				6AF5789626A2E728007B37CA /* Branch Sums */,
				6AF5789326A2E711007B37CA /* Find Closest Value In BST */,
				6AF5789026A2E6F6007B37CA /* Non-Constructible Change */,
				6AF5788D26A2E6D7007B37CA /* Tournament Winner */,
				6AF5788A26A2E6C0007B37CA /* Sorted Squared Array */,
				6AF5788726A2E6A4007B37CA /* Validate Subsequence */,
				6AF5788426A2E67F007B37CA /* Two Number Sum */,
			);
			path = AlgoExpert;
			sourceTree = "<group>";
		};
		6AF5788426A2E67F007B37CA /* Two Number Sum */ = {
			isa = PBXGroup;
			children = (
				6AF5788526A2E67F007B37CA /* TwoNumberSum.swift */,
			);
			path = "Two Number Sum";
			sourceTree = "<group>";
		};
		6AF5788726A2E6A4007B37CA /* Validate Subsequence */ = {
			isa = PBXGroup;
			children = (
				6AF5788826A2E6A4007B37CA /* ValidateSubsequence.swift */,
			);
			path = "Validate Subsequence";
			sourceTree = "<group>";
		};
		6AF5788A26A2E6C0007B37CA /* Sorted Squared Array */ = {
			isa = PBXGroup;
			children = (
				6AF5788B26A2E6C0007B37CA /* SortedSquaredArray.swift */,
			);
			path = "Sorted Squared Array";
			sourceTree = "<group>";
		};
		6AF5788D26A2E6D7007B37CA /* Tournament Winner */ = {
			isa = PBXGroup;
			children = (
				6AF5788E26A2E6D7007B37CA /* TournamentWinner.swift */,
			);
			path = "Tournament Winner";
			sourceTree = "<group>";
		};
		6AF5789026A2E6F6007B37CA /* Non-Constructible Change */ = {
			isa = PBXGroup;
			children = (
				6AF5789126A2E6F6007B37CA /* NonConstructibleChange.swift */,
			);
			path = "Non-Constructible Change";
			sourceTree = "<group>";
		};
		6AF5789326A2E711007B37CA /* Find Closest Value In BST */ = {
			isa = PBXGroup;
			children = (
				6AF5789426A2E711007B37CA /* FindClosestValueInBST.swift */,
			);
			path = "Find Closest Value In BST";
			sourceTree = "<group>";
		};
		6AF5789626A2E728007B37CA /* Branch Sums */ = {
			isa = PBXGroup;
			children = (
				6AF5789726A2E728007B37CA /* BranchSums.swift */,
			);
			path = "Branch Sums";
			sourceTree = "<group>";
		};
		6AF5789926A2E73A007B37CA /* Node Depths */ = {
			isa = PBXGroup;
			children = (
				6AF5789A26A2E73A007B37CA /* NodeDpeths.swift */,
			);
			path = "Node Depths";
			sourceTree = "<group>";
		};
		6AF5789C26A2E74D007B37CA /* Depth First Search */ = {
			isa = PBXGroup;
			children = (
				6AF5789D26A2E74D007B37CA /* DepthFirstSearch.swift */,
			);
			path = "Depth First Search";
			sourceTree = "<group>";
		};
		6AF5789F26A2E7A7007B37CA /* Minimum Waiting Time */ = {
			isa = PBXGroup;
			children = (
				6AF578A026A2E7A7007B37CA /* MinimumWaitingTime.swift */,
			);
			path = "Minimum Waiting Time";
			sourceTree = "<group>";
		};
		6AF578A226A2E7BC007B37CA /* Bubble Sort */ = {
			isa = PBXGroup;
			children = (
				6AF578A326A2E7BC007B37CA /* BubbleSort.swift */,
			);
			path = "Bubble Sort";
			sourceTree = "<group>";
		};
		6AF578A526A2E7CD007B37CA /* Insertion Sort */ = {
			isa = PBXGroup;
			children = (
				6AF578A626A2E7CD007B37CA /* InsertionSort.swift */,
			);
			path = "Insertion Sort";
			sourceTree = "<group>";
		};
		6AF578A826A2E7DE007B37CA /* Selection Sort */ = {
			isa = PBXGroup;
			children = (
				6AF578A926A2E7DE007B37CA /* SelectionSort.swift */,
			);
			path = "Selection Sort";
			sourceTree = "<group>";
		};
		6AF578AB26A2E7F0007B37CA /* Nth Fibonacci */ = {
			isa = PBXGroup;
			children = (
				6AF578AC26A2E7F0007B37CA /* NthFibonacci.swift */,
			);
			path = "Nth Fibonacci";
			sourceTree = "<group>";
		};
		6AF578AE26A2F440007B37CA /* Binary Search */ = {
			isa = PBXGroup;
			children = (
				6AF578AF26A2F44C007B37CA /* BinarySearch.swift */,
			);
			path = "Binary Search";
			sourceTree = "<group>";
		};
		6AF578B126A2F621007B37CA /* Product Sum */ = {
			isa = PBXGroup;
			children = (
				6AF578B226A2F62A007B37CA /* ProductSum.swift */,
			);
			path = "Product Sum";
			sourceTree = "<group>";
		};
		6AF578B426A34864007B37CA /* Class Photos */ = {
			isa = PBXGroup;
			children = (
				6AF578B526A34871007B37CA /* ClassPhotos.swift */,
			);
			path = "Class Photos";
			sourceTree = "<group>";
		};
		6AF578B726A34ACC007B37CA /* Tandem Bicycle */ = {
			isa = PBXGroup;
			children = (
				6AF578B826A34AD6007B37CA /* TandemBicycle.swift */,
			);
			path = "Tandem Bicycle";
			sourceTree = "<group>";
		};
/* End PBXGroup section */

/* Begin PBXNativeTarget section */
		6AF5787826A2E60E007B37CA /* Algorithm Solutions In Swift */ = {
			isa = PBXNativeTarget;
			buildConfigurationList = 6AF5788026A2E60E007B37CA /* Build configuration list for PBXNativeTarget "Algorithm Solutions In Swift" */;
			buildPhases = (
				6AF5787526A2E60E007B37CA /* Sources */,
				6AF5787626A2E60E007B37CA /* Frameworks */,
				6AF5787726A2E60E007B37CA /* CopyFiles */,
			);
			buildRules = (
			);
			dependencies = (
			);
			name = "Algorithm Solutions In Swift";
			productName = "Algorithm Solutions In Swift";
			productReference = 6AF5787926A2E60E007B37CA /* Algorithm Solutions In Swift */;
			productType = "com.apple.product-type.tool";
		};
/* End PBXNativeTarget section */

/* Begin PBXProject section */
		6AF5787126A2E60E007B37CA /* Project object */ = {
			isa = PBXProject;
			attributes = {
				BuildIndependentTargetsInParallel = 1;
				LastSwiftUpdateCheck = 1300;
				LastUpgradeCheck = 1300;
				TargetAttributes = {
					6AF5787826A2E60E007B37CA = {
						CreatedOnToolsVersion = 13.0;
					};
				};
			};
			buildConfigurationList = 6AF5787426A2E60E007B37CA /* Build configuration list for PBXProject "Algorithm Solutions In Swift" */;
			compatibilityVersion = "Xcode 13.0";
			developmentRegion = en;
			hasScannedForEncodings = 0;
			knownRegions = (
				en,
				Base,
			);
			mainGroup = 6AF5787026A2E60E007B37CA;
			productRefGroup = 6AF5787A26A2E60E007B37CA /* Products */;
			projectDirPath = "";
			projectRoot = "";
			targets = (
				6AF5787826A2E60E007B37CA /* Algorithm Solutions In Swift */,
			);
		};
/* End PBXProject section */

/* Begin PBXSourcesBuildPhase section */
		6AF5787526A2E60E007B37CA /* Sources */ = {
			isa = PBXSourcesBuildPhase;
			buildActionMask = 2147483647;
			files = (
				6AF5789B26A2E73A007B37CA /* NodeDpeths.swift in Sources */,
				6AF5789526A2E711007B37CA /* FindClosestValueInBST.swift in Sources */,
				6AF578AA26A2E7DE007B37CA /* SelectionSort.swift in Sources */,
				6AF578B626A34871007B37CA /* ClassPhotos.swift in Sources */,
				6AF578A126A2E7A7007B37CA /* MinimumWaitingTime.swift in Sources */,
				6AF5789E26A2E74D007B37CA /* DepthFirstSearch.swift in Sources */,
				6AF578B926A34AD6007B37CA /* TandemBicycle.swift in Sources */,
				6AF578AD26A2E7F0007B37CA /* NthFibonacci.swift in Sources */,
				6AF5789826A2E728007B37CA /* BranchSums.swift in Sources */,
				6AF5788C26A2E6C0007B37CA /* SortedSquaredArray.swift in Sources */,
				6AF578B026A2F44C007B37CA /* BinarySearch.swift in Sources */,
				6AF5789226A2E6F6007B37CA /* NonConstructibleChange.swift in Sources */,
				6AF5787D26A2E60E007B37CA /* main.swift in Sources */,
				6AF5788926A2E6A4007B37CA /* ValidateSubsequence.swift in Sources */,
				6AF5788F26A2E6D7007B37CA /* TournamentWinner.swift in Sources */,
				6AF578B326A2F62A007B37CA /* ProductSum.swift in Sources */,
				6AF578A726A2E7CD007B37CA /* InsertionSort.swift in Sources */,
				6AF5788626A2E67F007B37CA /* TwoNumberSum.swift in Sources */,
				6AF578A426A2E7BC007B37CA /* BubbleSort.swift in Sources */,
			);
			runOnlyForDeploymentPostprocessing = 0;
		};
/* End PBXSourcesBuildPhase section */

/* Begin XCBuildConfiguration section */
		6AF5787E26A2E60E007B37CA /* Debug */ = {
			isa = XCBuildConfiguration;
			buildSettings = {
				ALWAYS_SEARCH_USER_PATHS = NO;
				CLANG_ANALYZER_NONNULL = YES;
				CLANG_ANALYZER_NUMBER_OBJECT_CONVERSION = YES_AGGRESSIVE;
				CLANG_CXX_LANGUAGE_STANDARD = "gnu++14";
				CLANG_CXX_LIBRARY = "libc++";
				CLANG_ENABLE_MODULES = YES;
				CLANG_ENABLE_OBJC_ARC = YES;
				CLANG_ENABLE_OBJC_WEAK = YES;
				CLANG_WARN_BLOCK_CAPTURE_AUTORELEASING = YES;
				CLANG_WARN_BOOL_CONVERSION = YES;
				CLANG_WARN_COMMA = YES;
				CLANG_WARN_CONSTANT_CONVERSION = YES;
				CLANG_WARN_DEPRECATED_OBJC_IMPLEMENTATIONS = YES;
				CLANG_WARN_DIRECT_OBJC_ISA_USAGE = YES_ERROR;
				CLANG_WARN_DOCUMENTATION_COMMENTS = YES;
				CLANG_WARN_EMPTY_BODY = YES;
				CLANG_WARN_ENUM_CONVERSION = YES;
				CLANG_WARN_INFINITE_RECURSION = YES;
				CLANG_WARN_INT_CONVERSION = YES;
				CLANG_WARN_NON_LITERAL_NULL_CONVERSION = YES;
				CLANG_WARN_OBJC_IMPLICIT_RETAIN_SELF = YES;
				CLANG_WARN_OBJC_LITERAL_CONVERSION = YES;
				CLANG_WARN_OBJC_ROOT_CLASS = YES_ERROR;
				CLANG_WARN_QUOTED_INCLUDE_IN_FRAMEWORK_HEADER = YES;
				CLANG_WARN_RANGE_LOOP_ANALYSIS = YES;
				CLANG_WARN_STRICT_PROTOTYPES = YES;
				CLANG_WARN_SUSPICIOUS_MOVE = YES;
				CLANG_WARN_UNGUARDED_AVAILABILITY = YES_AGGRESSIVE;
				CLANG_WARN_UNREACHABLE_CODE = YES;
				CLANG_WARN__DUPLICATE_METHOD_MATCH = YES;
				COPY_PHASE_STRIP = NO;
				DEBUG_INFORMATION_FORMAT = dwarf;
				ENABLE_STRICT_OBJC_MSGSEND = YES;
				ENABLE_TESTABILITY = YES;
				GCC_C_LANGUAGE_STANDARD = gnu11;
				GCC_DYNAMIC_NO_PIC = NO;
				GCC_NO_COMMON_BLOCKS = YES;
				GCC_OPTIMIZATION_LEVEL = 0;
				GCC_PREPROCESSOR_DEFINITIONS = (
					"DEBUG=1",
					"$(inherited)",
				);
				GCC_WARN_64_TO_32_BIT_CONVERSION = YES;
				GCC_WARN_ABOUT_RETURN_TYPE = YES_ERROR;
				GCC_WARN_UNDECLARED_SELECTOR = YES;
				GCC_WARN_UNINITIALIZED_AUTOS = YES_AGGRESSIVE;
				GCC_WARN_UNUSED_FUNCTION = YES;
				GCC_WARN_UNUSED_VARIABLE = YES;
				MACOSX_DEPLOYMENT_TARGET = 11.4;
				MTL_ENABLE_DEBUG_INFO = INCLUDE_SOURCE;
				MTL_FAST_MATH = YES;
				ONLY_ACTIVE_ARCH = YES;
				SDKROOT = macosx;
				SWIFT_ACTIVE_COMPILATION_CONDITIONS = DEBUG;
				SWIFT_OPTIMIZATION_LEVEL = "-Onone";
			};
			name = Debug;
		};
		6AF5787F26A2E60E007B37CA /* Release */ = {
			isa = XCBuildConfiguration;
			buildSettings = {
				ALWAYS_SEARCH_USER_PATHS = NO;
				CLANG_ANALYZER_NONNULL = YES;
				CLANG_ANALYZER_NUMBER_OBJECT_CONVERSION = YES_AGGRESSIVE;
				CLANG_CXX_LANGUAGE_STANDARD = "gnu++14";
				CLANG_CXX_LIBRARY = "libc++";
				CLANG_ENABLE_MODULES = YES;
				CLANG_ENABLE_OBJC_ARC = YES;
				CLANG_ENABLE_OBJC_WEAK = YES;
				CLANG_WARN_BLOCK_CAPTURE_AUTORELEASING = YES;
				CLANG_WARN_BOOL_CONVERSION = YES;
				CLANG_WARN_COMMA = YES;
				CLANG_WARN_CONSTANT_CONVERSION = YES;
				CLANG_WARN_DEPRECATED_OBJC_IMPLEMENTATIONS = YES;
				CLANG_WARN_DIRECT_OBJC_ISA_USAGE = YES_ERROR;
				CLANG_WARN_DOCUMENTATION_COMMENTS = YES;
				CLANG_WARN_EMPTY_BODY = YES;
				CLANG_WARN_ENUM_CONVERSION = YES;
				CLANG_WARN_INFINITE_RECURSION = YES;
				CLANG_WARN_INT_CONVERSION = YES;
				CLANG_WARN_NON_LITERAL_NULL_CONVERSION = YES;
				CLANG_WARN_OBJC_IMPLICIT_RETAIN_SELF = YES;
				CLANG_WARN_OBJC_LITERAL_CONVERSION = YES;
				CLANG_WARN_OBJC_ROOT_CLASS = YES_ERROR;
				CLANG_WARN_QUOTED_INCLUDE_IN_FRAMEWORK_HEADER = YES;
				CLANG_WARN_RANGE_LOOP_ANALYSIS = YES;
				CLANG_WARN_STRICT_PROTOTYPES = YES;
				CLANG_WARN_SUSPICIOUS_MOVE = YES;
				CLANG_WARN_UNGUARDED_AVAILABILITY = YES_AGGRESSIVE;
				CLANG_WARN_UNREACHABLE_CODE = YES;
				CLANG_WARN__DUPLICATE_METHOD_MATCH = YES;
				COPY_PHASE_STRIP = NO;
				DEBUG_INFORMATION_FORMAT = "dwarf-with-dsym";
				ENABLE_NS_ASSERTIONS = NO;
				ENABLE_STRICT_OBJC_MSGSEND = YES;
				GCC_C_LANGUAGE_STANDARD = gnu11;
				GCC_NO_COMMON_BLOCKS = YES;
				GCC_WARN_64_TO_32_BIT_CONVERSION = YES;
				GCC_WARN_ABOUT_RETURN_TYPE = YES_ERROR;
				GCC_WARN_UNDECLARED_SELECTOR = YES;
				GCC_WARN_UNINITIALIZED_AUTOS = YES_AGGRESSIVE;
				GCC_WARN_UNUSED_FUNCTION = YES;
				GCC_WARN_UNUSED_VARIABLE = YES;
				MACOSX_DEPLOYMENT_TARGET = 11.4;
				MTL_ENABLE_DEBUG_INFO = NO;
				MTL_FAST_MATH = YES;
				SDKROOT = macosx;
				SWIFT_COMPILATION_MODE = wholemodule;
				SWIFT_OPTIMIZATION_LEVEL = "-O";
			};
			name = Release;
		};
		6AF5788126A2E60E007B37CA /* Debug */ = {
			isa = XCBuildConfiguration;
			buildSettings = {
				CODE_SIGN_STYLE = Automatic;
				DEVELOPMENT_TEAM = DD9M264MPY;
				ENABLE_HARDENED_RUNTIME = YES;
				PRODUCT_NAME = "$(TARGET_NAME)";
				SWIFT_VERSION = 5.0;
			};
			name = Debug;
		};
		6AF5788226A2E60E007B37CA /* Release */ = {
			isa = XCBuildConfiguration;
			buildSettings = {
				CODE_SIGN_STYLE = Automatic;
				DEVELOPMENT_TEAM = DD9M264MPY;
				ENABLE_HARDENED_RUNTIME = YES;
				PRODUCT_NAME = "$(TARGET_NAME)";
				SWIFT_VERSION = 5.0;
			};
			name = Release;
		};
/* End XCBuildConfiguration section */

/* Begin XCConfigurationList section */
		6AF5787426A2E60E007B37CA /* Build configuration list for PBXProject "Algorithm Solutions In Swift" */ = {
			isa = XCConfigurationList;
			buildConfigurations = (
				6AF5787E26A2E60E007B37CA /* Debug */,
				6AF5787F26A2E60E007B37CA /* Release */,
			);
			defaultConfigurationIsVisible = 0;
			defaultConfigurationName = Release;
		};
		6AF5788026A2E60E007B37CA /* Build configuration list for PBXNativeTarget "Algorithm Solutions In Swift" */ = {
			isa = XCConfigurationList;
			buildConfigurations = (
				6AF5788126A2E60E007B37CA /* Debug */,
				6AF5788226A2E60E007B37CA /* Release */,
			);
			defaultConfigurationIsVisible = 0;
			defaultConfigurationName = Release;
		};
/* End XCConfigurationList section */
	};
	rootObject = 6AF5787126A2E60E007B37CA /* Project object */;
}
